{
  "name": "OpenBot",
  "lockfileVersion": 2,
  "requires": true,
  "packages": {
    "": {
      "dependencies": {
        "heic2any": "^0.0.4"
      }
    },
    "node_modules/heic2any": {
      "version": "0.0.4",
      "resolved": "https://registry.npmjs.org/heic2any/-/heic2any-0.0.4.tgz",
      "integrity": "sha512-3lLnZiDELfabVH87htnRolZ2iehX9zwpRyGNz22GKXIu0fznlblf0/ftppXKNqS26dqFSeqfIBhAmAj/uSp0cA=="
    }
  },
  "dependencies": {
    "heic2any": {
      "version": "0.0.4",
      "resolved": "https://registry.npmjs.org/heic2any/-/heic2any-0.0.4.tgz",
      "integrity": "sha512-3lLnZiDELfabVH87htnRolZ2iehX9zwpRyGNz22GKXIu0fznlblf0/ftppXKNqS26dqFSeqfIBhAmAj/uSp0cA=="
    }
  }
}
