PODS:
  - DropDown (2.3.13)
  - GoogleWebRTC (1.1.32000)
  - Starscream (3.0.6)
  - TensorFlowLiteC (0.0.1-nightly.20230614):
    - TensorFlowLiteC/Core (= 0.0.1-nightly.20230614)
  - TensorFlowLiteC/Core (0.0.1-nightly.20230614)
  - TensorFlowLiteC/CoreML (0.0.1-nightly.20230614):
    - TensorFlowLiteC/Core
  - TensorFlowLiteC/Metal (0.0.1-nightly.20230614):
    - TensorFlowLiteC/Core
  - TensorFlowLiteSwift/Core (0.0.1-nightly.20230614):
    - TensorFlowLiteC (= 0.0.1-nightly.20230614)
  - TensorFlowLiteSwift/CoreML (0.0.1-nightly.20230614):
    - TensorFlowLiteC/CoreML (= 0.0.1-nightly.20230614)
    - TensorFlowLiteSwift/Core (= 0.0.1-nightly.20230614)
  - TensorFlowLiteSwift/Metal (0.0.1-nightly.20230614):
    - TensorFlowLiteC/Metal (= 0.0.1-nightly.20230614)
    - TensorFlowLiteSwift/Core (= 0.0.1-nightly.20230614)

DEPENDENCIES:
  - DropDown
  - GoogleWebRTC
  - Starscream (~> 3.0.1)
  - TensorFlowLiteSwift/CoreML (~> 0.0.1-nightly)
  - TensorFlowLiteSwift/Metal (~> 0.0.1-nightly)

SPEC REPOS:
  trunk:
    - DropDown
    - GoogleWebRTC
    - Starscream
    - TensorFlowLiteC
    - TensorFlowLiteSwift

SPEC CHECKSUMS:
  DropDown: 8a2116376c1981888557f72ec2ffc9a5e0e456ec
  GoogleWebRTC: 4d261187b30512efdb711d21fa961a6adf138717
  Starscream: ef3ece99d765eeccb67de105bfa143f929026cf5
  TensorFlowLiteC: 4b997e7c2e7eaf616f381c5f6387c1ac572ff259
  TensorFlowLiteSwift: e680172902f1bebc118495270cbd49c582d1bb56

PODFILE CHECKSUM: 9294626c880133901b9f3818004e38ac67976573

COCOAPODS: 1.10.2
