PODS:
  - DropDown (2.3.13)
  - GoogleWebRTC (1.1.31999)
  - Starscream (3.0.6)
  - TensorFlowLiteC (0.0.1-nightly.20230114):
    - TensorFlowLiteC/Core (= 0.0.1-nightly.20230114)
  - TensorFlowLiteC/Core (0.0.1-nightly.20230114)
  - TensorFlowLiteC/CoreML (0.0.1-nightly.20230114):
    - TensorFlowLiteC/Core
  - TensorFlowLiteC/Metal (0.0.1-nightly.20230114):
    - TensorFlowLiteC/Core
  - TensorFlowLiteSwift/Core (0.0.1-nightly.20230114):
    - TensorFlowLiteC (= 0.0.1-nightly.20230114)
  - TensorFlowLiteSwift/CoreML (0.0.1-nightly.20230114):
    - TensorFlowLiteC/CoreML (= 0.0.1-nightly.20230114)
    - TensorFlowLiteSwift/Core (= 0.0.1-nightly.20230114)
  - TensorFlowLiteSwift/Metal (0.0.1-nightly.20230114):
    - TensorFlowLiteC/Metal (= 0.0.1-nightly.20230114)
    - TensorFlowLiteSwift/Core (= 0.0.1-nightly.20230114)

DEPENDENCIES:
  - DropDown
  - GoogleWebRTC
  - Starscream (~> 3.0.1)
  - TensorFlowLiteSwift/CoreML (~> 0.0.1-nightly)
  - TensorFlowLiteSwift/Metal (~> 0.0.1-nightly)

SPEC REPOS:
  trunk:
    - DropDown
    - GoogleWebRTC
    - Starscream
    - TensorFlowLiteC
    - TensorFlowLiteSwift

SPEC CHECKSUMS:
  DropDown: 8a2116376c1981888557f72ec2ffc9a5e0e456ec
  GoogleWebRTC: b39a78c4f5cc6b0323415b9233db03a2faa7b0f0
  Starscream: ef3ece99d765eeccb67de105bfa143f929026cf5
  TensorFlowLiteC: 1865e02914e8fa8d4fc3e360e493666f42904928
  TensorFlowLiteSwift: bcdf48f2a270d2e3b0940d8658cd0d67083465ea

PODFILE CHECKSUM: 9294626c880133901b9f3818004e38ac67976573

COCOAPODS: 1.12.1
