PODS:
  - DropDown (2.3.13)
  - GoogleWebRTC (1.1.31999)
  - Starscream (3.0.6)
  - TensorFlowLiteC (0.0.1-nightly.20221227):
    - TensorFlowLiteC/Core (= 0.0.1-nightly.20221227)
  - TensorFlowLiteC/Core (0.0.1-nightly.20221227)
  - TensorFlowLiteC/CoreML (0.0.1-nightly.20221227):
    - TensorFlowLiteC/Core
  - TensorFlowLiteC/Metal (0.0.1-nightly.20221227):
    - TensorFlowLiteC/Core
  - TensorFlowLiteSwift/Core (0.0.1-nightly.20221227):
    - TensorFlowLiteC (= 0.0.1-nightly.20221227)
  - TensorFlowLiteSwift/CoreML (0.0.1-nightly.20221227):
    - TensorFlowLiteC/CoreML (= 0.0.1-nightly.20221227)
    - TensorFlowLiteSwift/Core (= 0.0.1-nightly.20221227)
  - TensorFlowLiteSwift/Metal (0.0.1-nightly.20221227):
    - TensorFlowLiteC/Metal (= 0.0.1-nightly.20221227)
    - TensorFlowLiteSwift/Core (= 0.0.1-nightly.20221227)

DEPENDENCIES:
  - DropDown
  - GoogleWebRTC
  - Starscream (~> 3.0.1)
  - TensorFlowLiteSwift/CoreML (~> 0.0.1-nightly)
  - TensorFlowLiteSwift/Metal (~> 0.0.1-nightly)

SPEC REPOS:
  trunk:
    - DropDown
    - GoogleWebRTC
    - Starscream
    - TensorFlowLiteC
    - TensorFlowLiteSwift

SPEC CHECKSUMS:
  DropDown: 8a2116376c1981888557f72ec2ffc9a5e0e456ec
  GoogleWebRTC: b39a78c4f5cc6b0323415b9233db03a2faa7b0f0
  Starscream: ef3ece99d765eeccb67de105bfa143f929026cf5
  TensorFlowLiteC: e1bb000be1bc8e93172becb0d3ac6c55b46f7ff9
  TensorFlowLiteSwift: c2f36a053eaf7b786d3b960f5dcfac069c7e94ea

PODFILE CHECKSUM: 6ad387c784c40c8a2265fbb548a75abdbfaa2f10

COCOAPODS: 1.11.3
