PODS:
  - Flutter (1.0.0)
  - flutter_webrtc (0.9.17):
    - Flutter
    - WebRTC-SDK (= 104.5112.07)
  - fluttertoast (0.0.2):
    - Flutter
    - Toast
  - nsd_ios (0.0.1):
    - Flutter
  - path_provider_ios (0.0.1):
    - Flutter
  - sensors_plus (0.0.1):
    - Flutter
  - Toast (4.0.0)
  - video_player_avfoundation (0.0.1):
    - Flutter
  - WebRTC-SDK (104.5112.07)

DEPENDENCIES:
  - Flutter (from `Flutter`)
  - flutter_webrtc (from `.symlinks/plugins/flutter_webrtc/ios`)
  - fluttertoast (from `.symlinks/plugins/fluttertoast/ios`)
  - nsd_ios (from `.symlinks/plugins/nsd_ios/ios`)
  - path_provider_ios (from `.symlinks/plugins/path_provider_ios/ios`)
  - sensors_plus (from `.symlinks/plugins/sensors_plus/ios`)
  - video_player_avfoundation (from `.symlinks/plugins/video_player_avfoundation/ios`)

SPEC REPOS:
  trunk:
    - Toast
    - WebRTC-SDK

EXTERNAL SOURCES:
  Flutter:
    :path: Flutter
  flutter_webrtc:
    :path: ".symlinks/plugins/flutter_webrtc/ios"
  fluttertoast:
    :path: ".symlinks/plugins/fluttertoast/ios"
  nsd_ios:
    :path: ".symlinks/plugins/nsd_ios/ios"
  path_provider_ios:
    :path: ".symlinks/plugins/path_provider_ios/ios"
  sensors_plus:
    :path: ".symlinks/plugins/sensors_plus/ios"
  video_player_avfoundation:
    :path: ".symlinks/plugins/video_player_avfoundation/ios"

SPEC CHECKSUMS:
  Flutter: f04841e97a9d0b0a8025694d0796dd46242b2854
  flutter_webrtc: 6767eafaa728c1e58026e901ca19f3fd5d713397
  fluttertoast: eb263d302cc92e04176c053d2385237e9f43fad0
  nsd_ios: 8c37babdc6538e3350dbed3a52674d2edde98173
  path_provider_ios: 14f3d2fd28c4fdb42f44e0f751d12861c43cee02
  sensors_plus: 5717760720f7e6acd96fdbd75b7428f5ad755ec2
  Toast: 91b396c56ee72a5790816f40d3a94dd357abc196
  video_player_avfoundation: e489aac24ef5cf7af82702979ed16f2a5ef84cff
  WebRTC-SDK: ef83f71e443c135d98de109940343bcf6d313e8f

PODFILE CHECKSUM: ef19549a9bc3046e7bb7d2fab4d021637c0c58a3

COCOAPODS: 1.11.3
