// !$*UTF8*$!
{
	archiveVersion = 1;
	classes = {
	};
	objectVersion = 55;
	objects = {

/* Begin PBXBuildFile section */
		3A2CCC3328882ED80059789E /* OpenBotApp.swift in Sources */ = {isa = PBXBuildFile; fileRef = 3A2CCC3228882ED80059789E /* OpenBotApp.swift */; };
		3A2CCC3528882ED80059789E /* ContentView.swift in Sources */ = {isa = PBXBuildFile; fileRef = 3A2CCC3428882ED80059789E /* ContentView.swift */; };
		3A2CCC3728882ED90059789E /* Assets.xcassets in Resources */ = {isa = PBXBuildFile; fileRef = 3A2CCC3628882ED90059789E /* Assets.xcassets */; };
		3A2CCC3A28882ED90059789E /* Preview Assets.xcassets in Resources */ = {isa = PBXBuildFile; fileRef = 3A2CCC3928882ED90059789E /* Preview Assets.xcassets */; };
		3A2CCC3C28882ED90059789E /* Persistence.swift in Sources */ = {isa = PBXBuildFile; fileRef = 3A2CCC3B28882ED90059789E /* Persistence.swift */; };
		3A2CCC3F28882ED90059789E /* OpenBot.xcdatamodeld in Sources */ = {isa = PBXBuildFile; fileRef = 3A2CCC3D28882ED90059789E /* OpenBot.xcdatamodeld */; };
		3A2CCC4928882ED90059789E /* OpenBotTests.swift in Sources */ = {isa = PBXBuildFile; fileRef = 3A2CCC4828882ED90059789E /* OpenBotTests.swift */; };
		3A2CCC5328882ED90059789E /* OpenBotUITests.swift in Sources */ = {isa = PBXBuildFile; fileRef = 3A2CCC5228882ED90059789E /* OpenBotUITests.swift */; };
		3A2CCC5528882ED90059789E /* OpenBotUITestsLaunchTests.swift in Sources */ = {isa = PBXBuildFile; fileRef = 3A2CCC5428882ED90059789E /* OpenBotUITestsLaunchTests.swift */; };
		3A7E66CB2889387F00A07E01 /* Launch Screen.storyboard in Resources */ = {isa = PBXBuildFile; fileRef = 3A7E66CA2889387F00A07E01 /* Launch Screen.storyboard */; };
/* End PBXBuildFile section */

/* Begin PBXContainerItemProxy section */
		3A2CCC4528882ED90059789E /* PBXContainerItemProxy */ = {
			isa = PBXContainerItemProxy;
			containerPortal = 3A2CCC2728882ED80059789E /* Project object */;
			proxyType = 1;
			remoteGlobalIDString = 3A2CCC2E28882ED80059789E;
			remoteInfo = OpenBot;
		};
		3A2CCC4F28882ED90059789E /* PBXContainerItemProxy */ = {
			isa = PBXContainerItemProxy;
			containerPortal = 3A2CCC2728882ED80059789E /* Project object */;
			proxyType = 1;
			remoteGlobalIDString = 3A2CCC2E28882ED80059789E;
			remoteInfo = OpenBot;
		};
/* End PBXContainerItemProxy section */

/* Begin PBXFileReference section */
		3A2CCC2F28882ED80059789E /* OpenBot.app */ = {isa = PBXFileReference; explicitFileType = wrapper.application; includeInIndex = 0; path = OpenBot.app; sourceTree = BUILT_PRODUCTS_DIR; };
		3A2CCC3228882ED80059789E /* OpenBotApp.swift */ = {isa = PBXFileReference; lastKnownFileType = sourcecode.swift; path = OpenBotApp.swift; sourceTree = "<group>"; };
		3A2CCC3428882ED80059789E /* ContentView.swift */ = {isa = PBXFileReference; lastKnownFileType = sourcecode.swift; path = ContentView.swift; sourceTree = "<group>"; };
		3A2CCC3628882ED90059789E /* Assets.xcassets */ = {isa = PBXFileReference; lastKnownFileType = folder.assetcatalog; path = Assets.xcassets; sourceTree = "<group>"; };
		3A2CCC3928882ED90059789E /* Preview Assets.xcassets */ = {isa = PBXFileReference; lastKnownFileType = folder.assetcatalog; path = "Preview Assets.xcassets"; sourceTree = "<group>"; };
		3A2CCC3B28882ED90059789E /* Persistence.swift */ = {isa = PBXFileReference; lastKnownFileType = sourcecode.swift; path = Persistence.swift; sourceTree = "<group>"; };
		3A2CCC3E28882ED90059789E /* OpenBot.xcdatamodel */ = {isa = PBXFileReference; lastKnownFileType = wrapper.xcdatamodel; path = OpenBot.xcdatamodel; sourceTree = "<group>"; };
		3A2CCC4428882ED90059789E /* OpenBotTests.xctest */ = {isa = PBXFileReference; explicitFileType = wrapper.cfbundle; includeInIndex = 0; path = OpenBotTests.xctest; sourceTree = BUILT_PRODUCTS_DIR; };
		3A2CCC4828882ED90059789E /* OpenBotTests.swift */ = {isa = PBXFileReference; lastKnownFileType = sourcecode.swift; path = OpenBotTests.swift; sourceTree = "<group>"; };
		3A2CCC4E28882ED90059789E /* OpenBotUITests.xctest */ = {isa = PBXFileReference; explicitFileType = wrapper.cfbundle; includeInIndex = 0; path = OpenBotUITests.xctest; sourceTree = BUILT_PRODUCTS_DIR; };
		3A2CCC5228882ED90059789E /* OpenBotUITests.swift */ = {isa = PBXFileReference; lastKnownFileType = sourcecode.swift; path = OpenBotUITests.swift; sourceTree = "<group>"; };
		3A2CCC5428882ED90059789E /* OpenBotUITestsLaunchTests.swift */ = {isa = PBXFileReference; lastKnownFileType = sourcecode.swift; path = OpenBotUITestsLaunchTests.swift; sourceTree = "<group>"; };
		3A7E66BF28890EED00A07E01 /* Info.plist */ = {isa = PBXFileReference; lastKnownFileType = text.plist; path = Info.plist; sourceTree = "<group>"; };
		3A7E66CA2889387F00A07E01 /* Launch Screen.storyboard */ = {isa = PBXFileReference; lastKnownFileType = file.storyboard; path = "Launch Screen.storyboard"; sourceTree = "<group>"; };
/* End PBXFileReference section */

/* Begin PBXFrameworksBuildPhase section */
		3A2CCC2C28882ED80059789E /* Frameworks */ = {
			isa = PBXFrameworksBuildPhase;
			buildActionMask = 2147483647;
			files = (
			);
			runOnlyForDeploymentPostprocessing = 0;
		};
		3A2CCC4128882ED90059789E /* Frameworks */ = {
			isa = PBXFrameworksBuildPhase;
			buildActionMask = 2147483647;
			files = (
			);
			runOnlyForDeploymentPostprocessing = 0;
		};
		3A2CCC4B28882ED90059789E /* Frameworks */ = {
			isa = PBXFrameworksBuildPhase;
			buildActionMask = 2147483647;
			files = (
			);
			runOnlyForDeploymentPostprocessing = 0;
		};
/* End PBXFrameworksBuildPhase section */

/* Begin PBXGroup section */
		3A2CCC2628882ED80059789E = {
			isa = PBXGroup;
			children = (
				3A2CCC3128882ED80059789E /* OpenBot */,
				3A2CCC4728882ED90059789E /* OpenBotTests */,
				3A2CCC5128882ED90059789E /* OpenBotUITests */,
				3A2CCC3028882ED80059789E /* Products */,
			);
			sourceTree = "<group>";
		};
		3A2CCC3028882ED80059789E /* Products */ = {
			isa = PBXGroup;
			children = (
				3A2CCC2F28882ED80059789E /* OpenBot.app */,
				3A2CCC4428882ED90059789E /* OpenBotTests.xctest */,
				3A2CCC4E28882ED90059789E /* OpenBotUITests.xctest */,
			);
			name = Products;
			sourceTree = "<group>";
		};
		3A2CCC3128882ED80059789E /* OpenBot */ = {
			isa = PBXGroup;
			children = (
				3A7E66BF28890EED00A07E01 /* Info.plist */,
				3A7E66CA2889387F00A07E01 /* Launch Screen.storyboard */,
				3A2CCC3228882ED80059789E /* OpenBotApp.swift */,
				3A2CCC3428882ED80059789E /* ContentView.swift */,
				3A2CCC3628882ED90059789E /* Assets.xcassets */,
				3A2CCC3B28882ED90059789E /* Persistence.swift */,
				3A2CCC3D28882ED90059789E /* OpenBot.xcdatamodeld */,
				3A2CCC3828882ED90059789E /* Preview Content */,
			);
			path = OpenBot;
			sourceTree = "<group>";
		};
		3A2CCC3828882ED90059789E /* Preview Content */ = {
			isa = PBXGroup;
			children = (
				3A2CCC3928882ED90059789E /* Preview Assets.xcassets */,
			);
			path = "Preview Content";
			sourceTree = "<group>";
		};
		3A2CCC4728882ED90059789E /* OpenBotTests */ = {
			isa = PBXGroup;
			children = (
				3A2CCC4828882ED90059789E /* OpenBotTests.swift */,
			);
			path = OpenBotTests;
			sourceTree = "<group>";
		};
		3A2CCC5128882ED90059789E /* OpenBotUITests */ = {
			isa = PBXGroup;
			children = (
				3A2CCC5228882ED90059789E /* OpenBotUITests.swift */,
				3A2CCC5428882ED90059789E /* OpenBotUITestsLaunchTests.swift */,
			);
			path = OpenBotUITests;
			sourceTree = "<group>";
		};
/* End PBXGroup section */

/* Begin PBXNativeTarget section */
		3A2CCC2E28882ED80059789E /* OpenBot */ = {
			isa = PBXNativeTarget;
			buildConfigurationList = 3A2CCC5828882ED90059789E /* Build configuration list for PBXNativeTarget "OpenBot" */;
			buildPhases = (
				3A2CCC2B28882ED80059789E /* Sources */,
				3A2CCC2C28882ED80059789E /* Frameworks */,
				3A2CCC2D28882ED80059789E /* Resources */,
			);
			buildRules = (
			);
			dependencies = (
			);
			name = OpenBot;
			productName = OpenBot;
			productReference = 3A2CCC2F28882ED80059789E /* OpenBot.app */;
			productType = "com.apple.product-type.application";
		};
		3A2CCC4328882ED90059789E /* OpenBotTests */ = {
			isa = PBXNativeTarget;
			buildConfigurationList = 3A2CCC5B28882ED90059789E /* Build configuration list for PBXNativeTarget "OpenBotTests" */;
			buildPhases = (
				3A2CCC4028882ED90059789E /* Sources */,
				3A2CCC4128882ED90059789E /* Frameworks */,
				3A2CCC4228882ED90059789E /* Resources */,
			);
			buildRules = (
			);
			dependencies = (
				3A2CCC4628882ED90059789E /* PBXTargetDependency */,
			);
			name = OpenBotTests;
			productName = OpenBotTests;
			productReference = 3A2CCC4428882ED90059789E /* OpenBotTests.xctest */;
			productType = "com.apple.product-type.bundle.unit-test";
		};
		3A2CCC4D28882ED90059789E /* OpenBotUITests */ = {
			isa = PBXNativeTarget;
			buildConfigurationList = 3A2CCC5E28882ED90059789E /* Build configuration list for PBXNativeTarget "OpenBotUITests" */;
			buildPhases = (
				3A2CCC4A28882ED90059789E /* Sources */,
				3A2CCC4B28882ED90059789E /* Frameworks */,
				3A2CCC4C28882ED90059789E /* Resources */,
			);
			buildRules = (
			);
			dependencies = (
				3A2CCC5028882ED90059789E /* PBXTargetDependency */,
			);
			name = OpenBotUITests;
			productName = OpenBotUITests;
			productReference = 3A2CCC4E28882ED90059789E /* OpenBotUITests.xctest */;
			productType = "com.apple.product-type.bundle.ui-testing";
		};
/* End PBXNativeTarget section */

/* Begin PBXProject section */
		3A2CCC2728882ED80059789E /* Project object */ = {
			isa = PBXProject;
			attributes = {
				BuildIndependentTargetsInParallel = 1;
				LastSwiftUpdateCheck = 1340;
				LastUpgradeCheck = 1340;
				TargetAttributes = {
					3A2CCC2E28882ED80059789E = {
						CreatedOnToolsVersion = 13.4.1;
					};
					3A2CCC4328882ED90059789E = {
						CreatedOnToolsVersion = 13.4.1;
						TestTargetID = 3A2CCC2E28882ED80059789E;
					};
					3A2CCC4D28882ED90059789E = {
						CreatedOnToolsVersion = 13.4.1;
						TestTargetID = 3A2CCC2E28882ED80059789E;
					};
				};
			};
			buildConfigurationList = 3A2CCC2A28882ED80059789E /* Build configuration list for PBXProject "OpenBot" */;
			compatibilityVersion = "Xcode 13.0";
			developmentRegion = en;
			hasScannedForEncodings = 0;
			knownRegions = (
				en,
				Base,
			);
			mainGroup = 3A2CCC2628882ED80059789E;
			productRefGroup = 3A2CCC3028882ED80059789E /* Products */;
			projectDirPath = "";
			projectRoot = "";
			targets = (
				3A2CCC2E28882ED80059789E /* OpenBot */,
				3A2CCC4328882ED90059789E /* OpenBotTests */,
				3A2CCC4D28882ED90059789E /* OpenBotUITests */,
			);
		};
/* End PBXProject section */

/* Begin PBXResourcesBuildPhase section */
		3A2CCC2D28882ED80059789E /* Resources */ = {
			isa = PBXResourcesBuildPhase;
			buildActionMask = 2147483647;
			files = (
				3A7E66CB2889387F00A07E01 /* Launch Screen.storyboard in Resources */,
				3A2CCC3A28882ED90059789E /* Preview Assets.xcassets in Resources */,
				3A2CCC3728882ED90059789E /* Assets.xcassets in Resources */,
			);
			runOnlyForDeploymentPostprocessing = 0;
		};
		3A2CCC4228882ED90059789E /* Resources */ = {
			isa = PBXResourcesBuildPhase;
			buildActionMask = 2147483647;
			files = (
			);
			runOnlyForDeploymentPostprocessing = 0;
		};
		3A2CCC4C28882ED90059789E /* Resources */ = {
			isa = PBXResourcesBuildPhase;
			buildActionMask = 2147483647;
			files = (
			);
			runOnlyForDeploymentPostprocessing = 0;
		};
/* End PBXResourcesBuildPhase section */

/* Begin PBXSourcesBuildPhase section */
		3A2CCC2B28882ED80059789E /* Sources */ = {
			isa = PBXSourcesBuildPhase;
			buildActionMask = 2147483647;
			files = (
				3A2CCC3C28882ED90059789E /* Persistence.swift in Sources */,
				3A2CCC3528882ED80059789E /* ContentView.swift in Sources */,
				3A2CCC3328882ED80059789E /* OpenBotApp.swift in Sources */,
				3A2CCC3F28882ED90059789E /* OpenBot.xcdatamodeld in Sources */,
			);
			runOnlyForDeploymentPostprocessing = 0;
		};
		3A2CCC4028882ED90059789E /* Sources */ = {
			isa = PBXSourcesBuildPhase;
			buildActionMask = 2147483647;
			files = (
				3A2CCC4928882ED90059789E /* OpenBotTests.swift in Sources */,
			);
			runOnlyForDeploymentPostprocessing = 0;
		};
		3A2CCC4A28882ED90059789E /* Sources */ = {
			isa = PBXSourcesBuildPhase;
			buildActionMask = 2147483647;
			files = (
				3A2CCC5528882ED90059789E /* OpenBotUITestsLaunchTests.swift in Sources */,
				3A2CCC5328882ED90059789E /* OpenBotUITests.swift in Sources */,
			);
			runOnlyForDeploymentPostprocessing = 0;
		};
/* End PBXSourcesBuildPhase section */

/* Begin PBXTargetDependency section */
		3A2CCC4628882ED90059789E /* PBXTargetDependency */ = {
			isa = PBXTargetDependency;
			target = 3A2CCC2E28882ED80059789E /* OpenBot */;
			targetProxy = 3A2CCC4528882ED90059789E /* PBXContainerItemProxy */;
		};
		3A2CCC5028882ED90059789E /* PBXTargetDependency */ = {
			isa = PBXTargetDependency;
			target = 3A2CCC2E28882ED80059789E /* OpenBot */;
			targetProxy = 3A2CCC4F28882ED90059789E /* PBXContainerItemProxy */;
		};
/* End PBXTargetDependency section */

/* Begin XCBuildConfiguration section */
		3A2CCC5628882ED90059789E /* Debug */ = {
			isa = XCBuildConfiguration;
			buildSettings = {
				ALWAYS_SEARCH_USER_PATHS = NO;
				CLANG_ANALYZER_NONNULL = YES;
				CLANG_ANALYZER_NUMBER_OBJECT_CONVERSION = YES_AGGRESSIVE;
				CLANG_CXX_LANGUAGE_STANDARD = "gnu++17";
				CLANG_ENABLE_MODULES = YES;
				CLANG_ENABLE_OBJC_ARC = YES;
				CLANG_ENABLE_OBJC_WEAK = YES;
				CLANG_WARN_BLOCK_CAPTURE_AUTORELEASING = YES;
				CLANG_WARN_BOOL_CONVERSION = YES;
				CLANG_WARN_COMMA = YES;
				CLANG_WARN_CONSTANT_CONVERSION = YES;
				CLANG_WARN_DEPRECATED_OBJC_IMPLEMENTATIONS = YES;
				CLANG_WARN_DIRECT_OBJC_ISA_USAGE = YES_ERROR;
				CLANG_WARN_DOCUMENTATION_COMMENTS = YES;
				CLANG_WARN_EMPTY_BODY = YES;
				CLANG_WARN_ENUM_CONVERSION = YES;
				CLANG_WARN_INFINITE_RECURSION = YES;
				CLANG_WARN_INT_CONVERSION = YES;
				CLANG_WARN_NON_LITERAL_NULL_CONVERSION = YES;
				CLANG_WARN_OBJC_IMPLICIT_RETAIN_SELF = YES;
				CLANG_WARN_OBJC_LITERAL_CONVERSION = YES;
				CLANG_WARN_OBJC_ROOT_CLASS = YES_ERROR;
				CLANG_WARN_QUOTED_INCLUDE_IN_FRAMEWORK_HEADER = YES;
				CLANG_WARN_RANGE_LOOP_ANALYSIS = YES;
				CLANG_WARN_STRICT_PROTOTYPES = YES;
				CLANG_WARN_SUSPICIOUS_MOVE = YES;
				CLANG_WARN_UNGUARDED_AVAILABILITY = YES_AGGRESSIVE;
				CLANG_WARN_UNREACHABLE_CODE = YES;
				CLANG_WARN__DUPLICATE_METHOD_MATCH = YES;
				COPY_PHASE_STRIP = NO;
				DEBUG_INFORMATION_FORMAT = dwarf;
				ENABLE_STRICT_OBJC_MSGSEND = YES;
				ENABLE_TESTABILITY = YES;
				GCC_C_LANGUAGE_STANDARD = gnu11;
				GCC_DYNAMIC_NO_PIC = NO;
				GCC_NO_COMMON_BLOCKS = YES;
				GCC_OPTIMIZATION_LEVEL = 0;
				GCC_PREPROCESSOR_DEFINITIONS = (
					"DEBUG=1",
					"$(inherited)",
				);
				GCC_WARN_64_TO_32_BIT_CONVERSION = YES;
				GCC_WARN_ABOUT_RETURN_TYPE = YES_ERROR;
				GCC_WARN_UNDECLARED_SELECTOR = YES;
				GCC_WARN_UNINITIALIZED_AUTOS = YES_AGGRESSIVE;
				GCC_WARN_UNUSED_FUNCTION = YES;
				GCC_WARN_UNUSED_VARIABLE = YES;
				IPHONEOS_DEPLOYMENT_TARGET = 15.0;
				MTL_ENABLE_DEBUG_INFO = INCLUDE_SOURCE;
				MTL_FAST_MATH = YES;
				ONLY_ACTIVE_ARCH = YES;
				SDKROOT = iphoneos;
				SWIFT_ACTIVE_COMPILATION_CONDITIONS = DEBUG;
				SWIFT_OPTIMIZATION_LEVEL = "-Onone";
			};
			name = Debug;
		};
		3A2CCC5728882ED90059789E /* Release */ = {
			isa = XCBuildConfiguration;
			buildSettings = {
				ALWAYS_SEARCH_USER_PATHS = NO;
				CLANG_ANALYZER_NONNULL = YES;
				CLANG_ANALYZER_NUMBER_OBJECT_CONVERSION = YES_AGGRESSIVE;
				CLANG_CXX_LANGUAGE_STANDARD = "gnu++17";
				CLANG_ENABLE_MODULES = YES;
				CLANG_ENABLE_OBJC_ARC = YES;
				CLANG_ENABLE_OBJC_WEAK = YES;
				CLANG_WARN_BLOCK_CAPTURE_AUTORELEASING = YES;
				CLANG_WARN_BOOL_CONVERSION = YES;
				CLANG_WARN_COMMA = YES;
				CLANG_WARN_CONSTANT_CONVERSION = YES;
				CLANG_WARN_DEPRECATED_OBJC_IMPLEMENTATIONS = YES;
				CLANG_WARN_DIRECT_OBJC_ISA_USAGE = YES_ERROR;
				CLANG_WARN_DOCUMENTATION_COMMENTS = YES;
				CLANG_WARN_EMPTY_BODY = YES;
				CLANG_WARN_ENUM_CONVERSION = YES;
				CLANG_WARN_INFINITE_RECURSION = YES;
				CLANG_WARN_INT_CONVERSION = YES;
				CLANG_WARN_NON_LITERAL_NULL_CONVERSION = YES;
				CLANG_WARN_OBJC_IMPLICIT_RETAIN_SELF = YES;
				CLANG_WARN_OBJC_LITERAL_CONVERSION = YES;
				CLANG_WARN_OBJC_ROOT_CLASS = YES_ERROR;
				CLANG_WARN_QUOTED_INCLUDE_IN_FRAMEWORK_HEADER = YES;
				CLANG_WARN_RANGE_LOOP_ANALYSIS = YES;
				CLANG_WARN_STRICT_PROTOTYPES = YES;
				CLANG_WARN_SUSPICIOUS_MOVE = YES;
				CLANG_WARN_UNGUARDED_AVAILABILITY = YES_AGGRESSIVE;
				CLANG_WARN_UNREACHABLE_CODE = YES;
				CLANG_WARN__DUPLICATE_METHOD_MATCH = YES;
				COPY_PHASE_STRIP = NO;
				DEBUG_INFORMATION_FORMAT = "dwarf-with-dsym";
				ENABLE_NS_ASSERTIONS = NO;
				ENABLE_STRICT_OBJC_MSGSEND = YES;
				GCC_C_LANGUAGE_STANDARD = gnu11;
				GCC_NO_COMMON_BLOCKS = YES;
				GCC_WARN_64_TO_32_BIT_CONVERSION = YES;
				GCC_WARN_ABOUT_RETURN_TYPE = YES_ERROR;
				GCC_WARN_UNDECLARED_SELECTOR = YES;
				GCC_WARN_UNINITIALIZED_AUTOS = YES_AGGRESSIVE;
				GCC_WARN_UNUSED_FUNCTION = YES;
				GCC_WARN_UNUSED_VARIABLE = YES;
				IPHONEOS_DEPLOYMENT_TARGET = 15.0;
				MTL_ENABLE_DEBUG_INFO = NO;
				MTL_FAST_MATH = YES;
				SDKROOT = iphoneos;
				SWIFT_COMPILATION_MODE = wholemodule;
				SWIFT_OPTIMIZATION_LEVEL = "-O";
				VALIDATE_PRODUCT = YES;
			};
			name = Release;
		};
		3A2CCC5928882ED90059789E /* Debug */ = {
			isa = XCBuildConfiguration;
			buildSettings = {
				ASSETCATALOG_COMPILER_APPICON_NAME = AppIcon;
				ASSETCATALOG_COMPILER_GLOBAL_ACCENT_COLOR_NAME = AccentColor;
				ASSETCATALOG_COMPILER_INCLUDE_ALL_APPICON_ASSETS = YES;
				CODE_SIGN_STYLE = Automatic;
				CURRENT_PROJECT_VERSION = 1;
				DEVELOPMENT_ASSET_PATHS = "\"OpenBot/Preview Content\"";
				DEVELOPMENT_TEAM = 45P94DZS6G;
				ENABLE_PREVIEWS = YES;
				GENERATE_INFOPLIST_FILE = YES;
				INFOPLIST_FILE = OpenBot/Info.plist;
				INFOPLIST_KEY_CFBundleDisplayName = OpenBot;
				INFOPLIST_KEY_UIApplicationSceneManifest_Generation = YES;
				INFOPLIST_KEY_UIApplicationSupportsIndirectInputEvents = YES;
				INFOPLIST_KEY_UILaunchScreen_Generation = YES;
				INFOPLIST_KEY_UILaunchStoryboardName = "Launch Screen";
				INFOPLIST_KEY_UISupportedInterfaceOrientations = UIInterfaceOrientationPortrait;
				INFOPLIST_KEY_UISupportedInterfaceOrientations_iPad = "UIInterfaceOrientationPortrait UIInterfaceOrientationPortraitUpsideDown UIInterfaceOrientationLandscapeLeft UIInterfaceOrientationLandscapeRight";
				INFOPLIST_KEY_UISupportedInterfaceOrientations_iPhone = "UIInterfaceOrientationPortrait UIInterfaceOrientationLandscapeLeft UIInterfaceOrientationLandscapeRight";
				LD_RUNPATH_SEARCH_PATHS = (
					"$(inherited)",
					"@executable_path/Frameworks",
				);
				MARKETING_VERSION = 1.0;
				PRODUCT_BUNDLE_IDENTIFIER = com.openbot.app.OpenBot;
				PRODUCT_NAME = "$(TARGET_NAME)";
				SWIFT_EMIT_LOC_STRINGS = YES;
				SWIFT_VERSION = 5.0;
				TARGETED_DEVICE_FAMILY = "1,2";
			};
			name = Debug;
		};
		3A2CCC5A28882ED90059789E /* Release */ = {
			isa = XCBuildConfiguration;
			buildSettings = {
				ASSETCATALOG_COMPILER_APPICON_NAME = AppIcon;
				ASSETCATALOG_COMPILER_GLOBAL_ACCENT_COLOR_NAME = AccentColor;
				ASSETCATALOG_COMPILER_INCLUDE_ALL_APPICON_ASSETS = YES;
				CODE_SIGN_STYLE = Automatic;
				CURRENT_PROJECT_VERSION = 1;
				DEVELOPMENT_ASSET_PATHS = "\"OpenBot/Preview Content\"";
				DEVELOPMENT_TEAM = 45P94DZS6G;
				ENABLE_PREVIEWS = YES;
				GENERATE_INFOPLIST_FILE = YES;
				INFOPLIST_FILE = OpenBot/Info.plist;
				INFOPLIST_KEY_CFBundleDisplayName = OpenBot;
				INFOPLIST_KEY_UIApplicationSceneManifest_Generation = YES;
				INFOPLIST_KEY_UIApplicationSupportsIndirectInputEvents = YES;
				INFOPLIST_KEY_UILaunchScreen_Generation = YES;
				INFOPLIST_KEY_UILaunchStoryboardName = "Launch Screen";
				INFOPLIST_KEY_UISupportedInterfaceOrientations = UIInterfaceOrientationPortrait;
				INFOPLIST_KEY_UISupportedInterfaceOrientations_iPad = "UIInterfaceOrientationPortrait UIInterfaceOrientationPortraitUpsideDown UIInterfaceOrientationLandscapeLeft UIInterfaceOrientationLandscapeRight";
				INFOPLIST_KEY_UISupportedInterfaceOrientations_iPhone = "UIInterfaceOrientationPortrait UIInterfaceOrientationLandscapeLeft UIInterfaceOrientationLandscapeRight";
				LD_RUNPATH_SEARCH_PATHS = (
					"$(inherited)",
					"@executable_path/Frameworks",
				);
				MARKETING_VERSION = 1.0;
				PRODUCT_BUNDLE_IDENTIFIER = com.openbot.app.OpenBot;
				PRODUCT_NAME = "$(TARGET_NAME)";
				SWIFT_EMIT_LOC_STRINGS = YES;
				SWIFT_VERSION = 5.0;
				TARGETED_DEVICE_FAMILY = "1,2";
			};
			name = Release;
		};
		3A2CCC5C28882ED90059789E /* Debug */ = {
			isa = XCBuildConfiguration;
			buildSettings = {
				ALWAYS_EMBED_SWIFT_STANDARD_LIBRARIES = YES;
				BUNDLE_LOADER = "$(TEST_HOST)";
				CODE_SIGN_STYLE = Automatic;
				CURRENT_PROJECT_VERSION = 1;
				DEVELOPMENT_TEAM = 45P94DZS6G;
				GENERATE_INFOPLIST_FILE = YES;
				IPHONEOS_DEPLOYMENT_TARGET = 15.5;
				MARKETING_VERSION = 1.0;
				PRODUCT_BUNDLE_IDENTIFIER = com.openbot.app.OpenBotTests;
				PRODUCT_NAME = "$(TARGET_NAME)";
				SWIFT_EMIT_LOC_STRINGS = NO;
				SWIFT_VERSION = 5.0;
				TARGETED_DEVICE_FAMILY = "1,2";
				TEST_HOST = "$(BUILT_PRODUCTS_DIR)/OpenBot.app/OpenBot";
			};
			name = Debug;
		};
		3A2CCC5D28882ED90059789E /* Release */ = {
			isa = XCBuildConfiguration;
			buildSettings = {
				ALWAYS_EMBED_SWIFT_STANDARD_LIBRARIES = YES;
				BUNDLE_LOADER = "$(TEST_HOST)";
				CODE_SIGN_STYLE = Automatic;
				CURRENT_PROJECT_VERSION = 1;
				DEVELOPMENT_TEAM = 45P94DZS6G;
				GENERATE_INFOPLIST_FILE = YES;
				IPHONEOS_DEPLOYMENT_TARGET = 15.5;
				MARKETING_VERSION = 1.0;
				PRODUCT_BUNDLE_IDENTIFIER = com.openbot.app.OpenBotTests;
				PRODUCT_NAME = "$(TARGET_NAME)";
				SWIFT_EMIT_LOC_STRINGS = NO;
				SWIFT_VERSION = 5.0;
				TARGETED_DEVICE_FAMILY = "1,2";
				TEST_HOST = "$(BUILT_PRODUCTS_DIR)/OpenBot.app/OpenBot";
			};
			name = Release;
		};
		3A2CCC5F28882ED90059789E /* Debug */ = {
			isa = XCBuildConfiguration;
			buildSettings = {
				ALWAYS_EMBED_SWIFT_STANDARD_LIBRARIES = YES;
				CODE_SIGN_STYLE = Automatic;
				CURRENT_PROJECT_VERSION = 1;
				DEVELOPMENT_TEAM = 45P94DZS6G;
				GENERATE_INFOPLIST_FILE = YES;
				MARKETING_VERSION = 1.0;
				PRODUCT_BUNDLE_IDENTIFIER = com.openbot.app.OpenBotUITests;
				PRODUCT_NAME = "$(TARGET_NAME)";
				SWIFT_EMIT_LOC_STRINGS = NO;
				SWIFT_VERSION = 5.0;
				TARGETED_DEVICE_FAMILY = "1,2";
				TEST_TARGET_NAME = OpenBot;
			};
			name = Debug;
		};
		3A2CCC6028882ED90059789E /* Release */ = {
			isa = XCBuildConfiguration;
			buildSettings = {
				ALWAYS_EMBED_SWIFT_STANDARD_LIBRARIES = YES;
				CODE_SIGN_STYLE = Automatic;
				CURRENT_PROJECT_VERSION = 1;
				DEVELOPMENT_TEAM = 45P94DZS6G;
				GENERATE_INFOPLIST_FILE = YES;
				MARKETING_VERSION = 1.0;
				PRODUCT_BUNDLE_IDENTIFIER = com.openbot.app.OpenBotUITests;
				PRODUCT_NAME = "$(TARGET_NAME)";
				SWIFT_EMIT_LOC_STRINGS = NO;
				SWIFT_VERSION = 5.0;
				TARGETED_DEVICE_FAMILY = "1,2";
				TEST_TARGET_NAME = OpenBot;
			};
			name = Release;
		};
/* End XCBuildConfiguration section */

/* Begin XCConfigurationList section */
		3A2CCC2A28882ED80059789E /* Build configuration list for PBXProject "OpenBot" */ = {
			isa = XCConfigurationList;
			buildConfigurations = (
				3A2CCC5628882ED90059789E /* Debug */,
				3A2CCC5728882ED90059789E /* Release */,
			);
			defaultConfigurationIsVisible = 0;
			defaultConfigurationName = Release;
		};
		3A2CCC5828882ED90059789E /* Build configuration list for PBXNativeTarget "OpenBot" */ = {
			isa = XCConfigurationList;
			buildConfigurations = (
				3A2CCC5928882ED90059789E /* Debug */,
				3A2CCC5A28882ED90059789E /* Release */,
			);
			defaultConfigurationIsVisible = 0;
			defaultConfigurationName = Release;
		};
		3A2CCC5B28882ED90059789E /* Build configuration list for PBXNativeTarget "OpenBotTests" */ = {
			isa = XCConfigurationList;
			buildConfigurations = (
				3A2CCC5C28882ED90059789E /* Debug */,
				3A2CCC5D28882ED90059789E /* Release */,
			);
			defaultConfigurationIsVisible = 0;
			defaultConfigurationName = Release;
		};
		3A2CCC5E28882ED90059789E /* Build configuration list for PBXNativeTarget "OpenBotUITests" */ = {
			isa = XCConfigurationList;
			buildConfigurations = (
				3A2CCC5F28882ED90059789E /* Debug */,
				3A2CCC6028882ED90059789E /* Release */,
			);
			defaultConfigurationIsVisible = 0;
			defaultConfigurationName = Release;
		};
/* End XCConfigurationList section */

/* Begin XCVersionGroup section */
		3A2CCC3D28882ED90059789E /* OpenBot.xcdatamodeld */ = {
			isa = XCVersionGroup;
			children = (
				3A2CCC3E28882ED90059789E /* OpenBot.xcdatamodel */,
			);
			currentVersion = 3A2CCC3E28882ED90059789E /* OpenBot.xcdatamodel */;
			path = OpenBot.xcdatamodeld;
			sourceTree = "<group>";
			versionGroupType = wrapper.xcdatamodel;
		};
/* End XCVersionGroup section */
	};
	rootObject = 3A2CCC2728882ED80059789E /* Project object */;
}
