// !$*UTF8*$!
{
	archiveVersion = 1;
	classes = {
	};
	objectVersion = 46;
	objects = {

/* Begin PBXBuildFile section */
		3A0B835528ADFD6300A9FA0F /* DataSerialMonitorViewController.swift in Sources */ = {isa = PBXBuildFile; fileRef = 3A0B835428ADFD6200A9FA0F /* DataSerialMonitorViewController.swift */; };
		3A31E73028AE0E1A00FDD235 /* SensorsViewController.swift in Sources */ = {isa = PBXBuildFile; fileRef = 3A31E72F28AE0E1A00FDD235 /* SensorsViewController.swift */; };
		3A3AAA9E28FEBB2F006EE8D9 /* BluetoothTable.swift in Sources */ = {isa = PBXBuildFile; fileRef = 3A3AAA9D28FEBB2F006EE8D9 /* BluetoothTable.swift */; };
		3A3C40C828B0A8A800AA40CF /* VideoRecordingController.swift in Sources */ = {isa = PBXBuildFile; fileRef = 3A3C40C728B0A8A800AA40CF /* VideoRecordingController.swift */; };
		3AD2794028AF703A00053CAD /* CameraViewController.swift in Sources */ = {isa = PBXBuildFile; fileRef = 3AD2793F28AF703A00053CAD /* CameraViewController.swift */; };
		3AE7A38B28ACB0D6001ABE2F /* HomePageViewController.swift in Sources */ = {isa = PBXBuildFile; fileRef = 3AE7A38A28ACB0D6001ABE2F /* HomePageViewController.swift */; };
		4FEF40039118AB286DD8CB0C /* DetectorQuantizedMobileNet.swift in Sources */ = {isa = PBXBuildFile; fileRef = 4FEF47209A4C03D66945462E /* DetectorQuantizedMobileNet.swift */; };
		4FEF41E8F6D7496059371C24 /* Assets.xcassets in Resources */ = {isa = PBXBuildFile; fileRef = 4FEF4BBD0A2E51DD7BAD32C5 /* Assets.xcassets */; };
		4FEF4209E4568C06F71C8E86 /* config.json in Resources */ = {isa = PBXBuildFile; fileRef = 4FEF421BF49FEE835C6DC5CB /* config.json */; };
		4FEF434E29022789D4FB8985 /* Main.storyboard in Resources */ = {isa = PBXBuildFile; fileRef = 4FEF4E0B9A9BAE2BD7321783 /* Main.storyboard */; };
		4FEF43565A0B8A9578E85B54 /* Launch Screen.storyboard in Resources */ = {isa = PBXBuildFile; fileRef = 4FEF4EE1E197D3F52EFF3B88 /* Launch Screen.storyboard */; };
		4FEF43788A6975AED9390369 /* README.md in Sources */ = {isa = PBXBuildFile; fileRef = 4FEF47EAC21A4C2BDD11B72B /* README.md */; };
		4FEF442F6DF5C31D0EE4FE2B /* OpenBotTests.swift in Sources */ = {isa = PBXBuildFile; fileRef = 4FEF499CF4ACA43C440075A0 /* OpenBotTests.swift */; };
		4FEF44A3F41CE1D4898D1C4D /* ObjectTrackingSettings.swift in Sources */ = {isa = PBXBuildFile; fileRef = 4FEF492829E700076FAA4132 /* ObjectTrackingSettings.swift */; };
		4FEF44E677749DA0D24FB857 /* Network.swift in Sources */ = {isa = PBXBuildFile; fileRef = 4FEF42714D658342895B0A95 /* Network.swift */; };
		4FEF459D92353F7D312A9EBD /* ObjectClassDropdown.swift in Sources */ = {isa = PBXBuildFile; fileRef = 4FEF42F0707A22B810E664F2 /* ObjectClassDropdown.swift */; };
		4FEF47B52607872D6B0CD56F /* Strings.swift in Sources */ = {isa = PBXBuildFile; fileRef = 4FEF4178D0A2805591A6A3A6 /* Strings.swift */; };
		4FEF47E6E6A09E51C9FDF010 /* Model.swift in Sources */ = {isa = PBXBuildFile; fileRef = 4FEF49FAEA0EB5E01610A55B /* Model.swift */; };
		4FEF483FCB45A3257C181C30 /* README.md in Sources */ = {isa = PBXBuildFile; fileRef = 4FEF4BD00A645A3985233A37 /* README.md */; };
		4FEF49D3149212EA208C893B /* Constants.swift in Sources */ = {isa = PBXBuildFile; fileRef = 4FEF443C3B9B9931D5108052 /* Constants.swift */; };
		4FEF49DD79D9DD3CF5733B71 /* OpenBotUITests.swift in Sources */ = {isa = PBXBuildFile; fileRef = 4FEF43E1577F7EE5E2E2A653 /* OpenBotUITests.swift */; };
		4FEF4A1F9280139D278509D3 /* Detector.swift in Sources */ = {isa = PBXBuildFile; fileRef = 4FEF49E95825B789A39EDA21 /* Detector.swift */; };
		4FEF4A957CB4D38EBD818730 /* GameController.swift in Sources */ = {isa = PBXBuildFile; fileRef = 4FEF45E913E70DDE5DE7F387 /* GameController.swift */; };
		4FEF4BA67C06F1863F3C2362 /* ObjectTrackingFragment.swift in Sources */ = {isa = PBXBuildFile; fileRef = 4FEF4C8C9707613D66A8051E /* ObjectTrackingFragment.swift */; };
		4FEF4BEFB4E329AFFBAB8B4D /* Autopilot.swift in Sources */ = {isa = PBXBuildFile; fileRef = 4FEF4A4D501C2B9B7E5D248D /* Autopilot.swift */; };
		4FEF4C449F206CF65324CD03 /* Common.swift in Sources */ = {isa = PBXBuildFile; fileRef = 4FEF4A59FF61753FF6DF0F79 /* Common.swift */; };
		4FEF4C5087962C2F3B2BB3A1 /* Modes.swift in Sources */ = {isa = PBXBuildFile; fileRef = 4FEF45F4F7552D2FFF3D1130 /* Modes.swift */; };
		4FEF4C9BF06BF69E5C67E86A /* OpenBotUITestsLaunchTests.swift in Sources */ = {isa = PBXBuildFile; fileRef = 4FEF4D548F5BD4ABE07F1F71 /* OpenBotUITestsLaunchTests.swift */; };
		4FEF4D4C829C1A8519999198 /* Control.swift in Sources */ = {isa = PBXBuildFile; fileRef = 4FEF43EF931CFBA8BB09541E /* Control.swift */; };
		4FEF4DAC98B9D01B10F7B3E9 /* DataCollectionController.swift in Sources */ = {isa = PBXBuildFile; fileRef = 4FEF4DE90366ACF137F4AD9B /* DataCollectionController.swift */; };
		4FEF4DC031698B6DEEB01AEB /* AppDelegate.swift in Sources */ = {isa = PBXBuildFile; fileRef = 4FEF4620693FBFF8ABFC0350 /* AppDelegate.swift */; };
		4FEF4E9F41A93B4F6CD1AEEC /* DetectorFloatYoloV4.swift in Sources */ = {isa = PBXBuildFile; fileRef = 4FEF4633FC7402D71728D03F /* DetectorFloatYoloV4.swift */; };
		4FEF4F78919CCCC28C418C5B /* SceneDelegate.swift in Sources */ = {isa = PBXBuildFile; fileRef = 4FEF4D63E4FA9FB585EF1733 /* SceneDelegate.swift */; };
		525632FAD7D5CA948A20F6B9 /* Pods_OpenBot.framework in Frameworks */ = {isa = PBXBuildFile; fileRef = CADB8D624A9E1D1494E9F87D /* Pods_OpenBot.framework */; };
		727D301B0DA9C7F9CC3203D6 /* bluetoothDataController.swift in Sources */ = {isa = PBXBuildFile; fileRef = 727D3A55B16EF3CEDA3901BF /* bluetoothDataController.swift */; };
		727D3074611DA874F01709A3 /* CGFloatExtension.swift in Sources */ = {isa = PBXBuildFile; fileRef = 727D3D78A49AC3693B1A2B7B /* CGFloatExtension.swift */; };
		727D3168E1B1C70DBDC2652E /* ServerDropdown.swift in Sources */ = {isa = PBXBuildFile; fileRef = 727D30F298C6C48697AB606F /* ServerDropdown.swift */; };
		727D332F054456A4182DD7DF /* expandSetting.swift in Sources */ = {isa = PBXBuildFile; fileRef = 727D3327FAD14CEC3DE54D95 /* expandSetting.swift */; };
		727D33DD6B69783CAE4035BD /* GaugeView.swift in Sources */ = {isa = PBXBuildFile; fileRef = 727D30501D6445D0C8AED362 /* GaugeView.swift */; };
		727D3457F432B9743263C307 /* sensorDataRetrieve.swift in Sources */ = {isa = PBXBuildFile; fileRef = 727D33A5A0ABFBC52D7FC371 /* sensorDataRetrieve.swift */; };
		727D34602C26673639AA0D0B /* Dimension.swift in Sources */ = {isa = PBXBuildFile; fileRef = 727D3946DB74E63117B32AF4 /* Dimension.swift */; };
		727D348793BC7E328164FDB2 /* DataLogger.swift in Sources */ = {isa = PBXBuildFile; fileRef = 727D3157F2B5E5DBB1565EDD /* DataLogger.swift */; };
		727D34B870DEC24C44407E97 /* DevicesDropdown.swift in Sources */ = {isa = PBXBuildFile; fileRef = 727D3ED0992B4A6AA00373B7 /* DevicesDropdown.swift */; };
		727D3514A9B56B54E3FA4089 /* expandedAutoPilot.swift in Sources */ = {isa = PBXBuildFile; fileRef = 727D35819C2D0A82BB4E5A7D /* expandedAutoPilot.swift */; };
		727D3695CD23839015A90EFB /* DeviceCurrentOrientation.swift in Sources */ = {isa = PBXBuildFile; fileRef = 727D3D2F7F5D7109583A8A39 /* DeviceCurrentOrientation.swift */; };
		727D373B2A839824AE8E6AE2 /* CameraController.swift in Sources */ = {isa = PBXBuildFile; fileRef = 727D31331A6716FD310082EB /* CameraController.swift */; };
		727D37CDD881685D4EF6BFF5 /* timestamp.swift in Sources */ = {isa = PBXBuildFile; fileRef = 727D3F5FE3F054BE4FA52191 /* timestamp.swift */; };
		727D39499A8CF8EE76345872 /* AutopilotFragment.swift in Sources */ = {isa = PBXBuildFile; fileRef = 727D34184A3A56D707CE0A17 /* AutopilotFragment.swift */; };
		727D39CEBB2CF03D171BC311 /* UIViewExtension.swift in Sources */ = {isa = PBXBuildFile; fileRef = 727D37D0890B15799952F87A /* UIViewExtension.swift */; };
		727D3A805DDE14D8AD205D31 /* VehicleControl.swift in Sources */ = {isa = PBXBuildFile; fileRef = 727D3ABD8F9F9D0485B435C2 /* VehicleControl.swift */; };
		727D3B19FEA7A95C092DC11E /* collapseSettingView.swift in Sources */ = {isa = PBXBuildFile; fileRef = 727D316515ACC87CAEB31A26 /* collapseSettingView.swift */; };
		727D3B9525E721AC05B0AD3B /* AdaptedConstraint.swift in Sources */ = {isa = PBXBuildFile; fileRef = 727D30493151AEA8D4DA58C9 /* AdaptedConstraint.swift */; };
		727D3D12FAF02C416CC2CEC1 /* FreeRoamController.swift in Sources */ = {isa = PBXBuildFile; fileRef = 727D31C90AF5C778DF525EE1 /* FreeRoamController.swift */; };
		727D3D2A7DD7B128C9CC969A /* Font.swift in Sources */ = {isa = PBXBuildFile; fileRef = 727D39B02AB471D9F31B0747 /* Font.swift */; };
		727D3D8A8059D87F84174B97 /* AdaptiveLayoutHelper.swift in Sources */ = {isa = PBXBuildFile; fileRef = 727D3F45A25D4C4A8A309FFC /* AdaptiveLayoutHelper.swift */; };
		727D3E359F26636BBDC6E3A4 /* Device.swift in Sources */ = {isa = PBXBuildFile; fileRef = 727D3C4EBE89B9B6E537BE8B /* Device.swift */; };
		727D3FB2162AE0D1794DA7CE /* ModelsDropdown.swift in Sources */ = {isa = PBXBuildFile; fileRef = 727D3D9ED8FC7A8FEFF7483B /* ModelsDropdown.swift */; };
		BF72296428B0FD6D0013CD8E /* GameViewController.swift in Sources */ = {isa = PBXBuildFile; fileRef = BF72296328B0FD6D0013CD8E /* GameViewController.swift */; };
		BF812E8728AE2C4200E0B682 /* modesCollectionViewCell.swift in Sources */ = {isa = PBXBuildFile; fileRef = BF812E8528AE2C4200E0B682 /* modesCollectionViewCell.swift */; };
		BF812E8828AE2C4200E0B682 /* modesCollectionViewCell.xib in Resources */ = {isa = PBXBuildFile; fileRef = BF812E8628AE2C4200E0B682 /* modesCollectionViewCell.xib */; };
		BF9BAED828AF94A800EF3E48 /* GameController.framework in Frameworks */ = {isa = PBXBuildFile; fileRef = BF9BAED728AF94A800EF3E48 /* GameController.framework */; };
		DB5B604C1844E78F9C021354 /* Pods_OpenBot_OpenBotUITests.framework in Frameworks */ = {isa = PBXBuildFile; fileRef = 17B6546E3D327621CBEAFCB9 /* Pods_OpenBot_OpenBotUITests.framework */; };
		FEC71CD19514A3FE19FEE5D1 /* Pods_OpenBotTests.framework in Frameworks */ = {isa = PBXBuildFile; fileRef = 9D5D36169AE20C6ED7C351A5 /* Pods_OpenBotTests.framework */; };
/* End PBXBuildFile section */

/* Begin PBXContainerItemProxy section */
		4FEF413ADF28CDB09224A3BE /* PBXContainerItemProxy */ = {
			isa = PBXContainerItemProxy;
			containerPortal = 4FEF44CF03B950ABA7A3C2A8 /* Project object */;
			proxyType = 1;
			remoteGlobalIDString = 4FEF4A2489AA3ABCE29B9356;
			remoteInfo = OpenBot;
		};
		4FEF420FE3AD73021CB0010C /* PBXContainerItemProxy */ = {
			isa = PBXContainerItemProxy;
			containerPortal = 4FEF44CF03B950ABA7A3C2A8 /* Project object */;
			proxyType = 1;
			remoteGlobalIDString = 4FEF4A2489AA3ABCE29B9356;
			remoteInfo = OpenBot;
		};
/* End PBXContainerItemProxy section */

/* Begin PBXFileReference section */
		14FEE4780CE79F3AAB630B6D /* Pods-OpenBotTests.release.xcconfig */ = {isa = PBXFileReference; includeInIndex = 1; lastKnownFileType = text.xcconfig; name = "Pods-OpenBotTests.release.xcconfig"; path = "Target Support Files/Pods-OpenBotTests/Pods-OpenBotTests.release.xcconfig"; sourceTree = "<group>"; };
		17B6546E3D327621CBEAFCB9 /* Pods_OpenBot_OpenBotUITests.framework */ = {isa = PBXFileReference; explicitFileType = wrapper.framework; includeInIndex = 0; path = Pods_OpenBot_OpenBotUITests.framework; sourceTree = BUILT_PRODUCTS_DIR; };
		38BD59823D98022F3763FF79 /* Pods-OpenBot.release.xcconfig */ = {isa = PBXFileReference; includeInIndex = 1; lastKnownFileType = text.xcconfig; name = "Pods-OpenBot.release.xcconfig"; path = "Target Support Files/Pods-OpenBot/Pods-OpenBot.release.xcconfig"; sourceTree = "<group>"; };
		3A0B835428ADFD6200A9FA0F /* DataSerialMonitorViewController.swift */ = {isa = PBXFileReference; lastKnownFileType = sourcecode.swift; path = DataSerialMonitorViewController.swift; sourceTree = "<group>"; };
		3A31E72F28AE0E1A00FDD235 /* SensorsViewController.swift */ = {isa = PBXFileReference; lastKnownFileType = sourcecode.swift; path = SensorsViewController.swift; sourceTree = "<group>"; };
		3A3AAA9D28FEBB2F006EE8D9 /* BluetoothTable.swift */ = {isa = PBXFileReference; lastKnownFileType = sourcecode.swift; name = BluetoothTable.swift; path = OpenBot/BluetoothTable.swift; sourceTree = SOURCE_ROOT; };
		3A3C40C728B0A8A800AA40CF /* VideoRecordingController.swift */ = {isa = PBXFileReference; lastKnownFileType = sourcecode.swift; path = VideoRecordingController.swift; sourceTree = "<group>"; };
		3AD2793F28AF703A00053CAD /* CameraViewController.swift */ = {isa = PBXFileReference; lastKnownFileType = sourcecode.swift; path = CameraViewController.swift; sourceTree = "<group>"; };
		3AE7A38A28ACB0D6001ABE2F /* HomePageViewController.swift */ = {isa = PBXFileReference; lastKnownFileType = sourcecode.swift; path = HomePageViewController.swift; sourceTree = "<group>"; };
		4FEF4178D0A2805591A6A3A6 /* Strings.swift */ = {isa = PBXFileReference; fileEncoding = 4; lastKnownFileType = sourcecode.swift; path = Strings.swift; sourceTree = "<group>"; };
		4FEF421BF49FEE835C6DC5CB /* config.json */ = {isa = PBXFileReference; fileEncoding = 4; lastKnownFileType = text.json; path = config.json; sourceTree = "<group>"; };
		4FEF42374776D62381BDE68C /* Info.plist */ = {isa = PBXFileReference; lastKnownFileType = text.plist.info; path = Info.plist; sourceTree = "<group>"; };
		4FEF42714D658342895B0A95 /* Network.swift */ = {isa = PBXFileReference; fileEncoding = 4; lastKnownFileType = sourcecode.swift; path = Network.swift; sourceTree = "<group>"; };
		4FEF42F0707A22B810E664F2 /* ObjectClassDropdown.swift */ = {isa = PBXFileReference; fileEncoding = 4; lastKnownFileType = sourcecode.swift; name = ObjectClassDropdown.swift; path = DropDowns/ObjectClassDropdown.swift; sourceTree = "<group>"; };
		4FEF43E1577F7EE5E2E2A653 /* OpenBotUITests.swift */ = {isa = PBXFileReference; lastKnownFileType = sourcecode.swift; path = OpenBotUITests.swift; sourceTree = "<group>"; };
		4FEF43EF931CFBA8BB09541E /* Control.swift */ = {isa = PBXFileReference; fileEncoding = 4; lastKnownFileType = sourcecode.swift; path = Control.swift; sourceTree = "<group>"; };
		4FEF443C3B9B9931D5108052 /* Constants.swift */ = {isa = PBXFileReference; fileEncoding = 4; lastKnownFileType = sourcecode.swift; path = Constants.swift; sourceTree = "<group>"; };
		4FEF44EFCFD003BA859F8008 /* OpenBotUITests.xctest */ = {isa = PBXFileReference; explicitFileType = wrapper.cfbundle; includeInIndex = 0; path = OpenBotUITests.xctest; sourceTree = BUILT_PRODUCTS_DIR; };
		4FEF45E913E70DDE5DE7F387 /* GameController.swift */ = {isa = PBXFileReference; fileEncoding = 4; lastKnownFileType = sourcecode.swift; path = GameController.swift; sourceTree = "<group>"; };
		4FEF45F4F7552D2FFF3D1130 /* Modes.swift */ = {isa = PBXFileReference; fileEncoding = 4; lastKnownFileType = sourcecode.swift; path = Modes.swift; sourceTree = "<group>"; };
		4FEF4620693FBFF8ABFC0350 /* AppDelegate.swift */ = {isa = PBXFileReference; lastKnownFileType = sourcecode.swift; path = AppDelegate.swift; sourceTree = "<group>"; };
		4FEF4633FC7402D71728D03F /* DetectorFloatYoloV4.swift */ = {isa = PBXFileReference; fileEncoding = 4; lastKnownFileType = sourcecode.swift; path = DetectorFloatYoloV4.swift; sourceTree = "<group>"; };
		4FEF466ED1A3047EB287B7CA /* OpenBotTests.xctest */ = {isa = PBXFileReference; explicitFileType = wrapper.cfbundle; includeInIndex = 0; path = OpenBotTests.xctest; sourceTree = BUILT_PRODUCTS_DIR; };
		4FEF46775439F2AC3ED4FE35 /* OpenBot.app */ = {isa = PBXFileReference; explicitFileType = wrapper.application; includeInIndex = 0; path = OpenBot.app; sourceTree = BUILT_PRODUCTS_DIR; };
		4FEF47209A4C03D66945462E /* DetectorQuantizedMobileNet.swift */ = {isa = PBXFileReference; fileEncoding = 4; lastKnownFileType = sourcecode.swift; path = DetectorQuantizedMobileNet.swift; sourceTree = "<group>"; };
		4FEF47EAC21A4C2BDD11B72B /* README.md */ = {isa = PBXFileReference; fileEncoding = 4; lastKnownFileType = net.daringfireball.markdown; path = README.md; sourceTree = "<group>"; };
		4FEF492829E700076FAA4132 /* ObjectTrackingSettings.swift */ = {isa = PBXFileReference; fileEncoding = 4; lastKnownFileType = sourcecode.swift; name = ObjectTrackingSettings.swift; path = ObjectTracking/ObjectTrackingSettings.swift; sourceTree = "<group>"; };
		4FEF499CF4ACA43C440075A0 /* OpenBotTests.swift */ = {isa = PBXFileReference; lastKnownFileType = sourcecode.swift; path = OpenBotTests.swift; sourceTree = "<group>"; };
		4FEF49E95825B789A39EDA21 /* Detector.swift */ = {isa = PBXFileReference; fileEncoding = 4; lastKnownFileType = sourcecode.swift; path = Detector.swift; sourceTree = "<group>"; };
		4FEF49FAEA0EB5E01610A55B /* Model.swift */ = {isa = PBXFileReference; fileEncoding = 4; lastKnownFileType = sourcecode.swift; path = Model.swift; sourceTree = "<group>"; };
		4FEF4A4D501C2B9B7E5D248D /* Autopilot.swift */ = {isa = PBXFileReference; fileEncoding = 4; lastKnownFileType = sourcecode.swift; path = Autopilot.swift; sourceTree = "<group>"; };
		4FEF4A59FF61753FF6DF0F79 /* Common.swift */ = {isa = PBXFileReference; fileEncoding = 4; lastKnownFileType = sourcecode.swift; path = Common.swift; sourceTree = "<group>"; };
		4FEF4BBD0A2E51DD7BAD32C5 /* Assets.xcassets */ = {isa = PBXFileReference; lastKnownFileType = folder.assetcatalog; path = Assets.xcassets; sourceTree = "<group>"; };
		4FEF4BD00A645A3985233A37 /* README.md */ = {isa = PBXFileReference; fileEncoding = 4; lastKnownFileType = net.daringfireball.markdown; path = README.md; sourceTree = "<group>"; };
		4FEF4C8C9707613D66A8051E /* ObjectTrackingFragment.swift */ = {isa = PBXFileReference; fileEncoding = 4; lastKnownFileType = sourcecode.swift; name = ObjectTrackingFragment.swift; path = ObjectTracking/ObjectTrackingFragment.swift; sourceTree = "<group>"; };
		4FEF4D548F5BD4ABE07F1F71 /* OpenBotUITestsLaunchTests.swift */ = {isa = PBXFileReference; lastKnownFileType = sourcecode.swift; path = OpenBotUITestsLaunchTests.swift; sourceTree = "<group>"; };
		4FEF4D63E4FA9FB585EF1733 /* SceneDelegate.swift */ = {isa = PBXFileReference; lastKnownFileType = sourcecode.swift; path = SceneDelegate.swift; sourceTree = "<group>"; };
		4FEF4DE90366ACF137F4AD9B /* DataCollectionController.swift */ = {isa = PBXFileReference; fileEncoding = 4; lastKnownFileType = sourcecode.swift; path = DataCollectionController.swift; sourceTree = "<group>"; };
		4FEF4E0B9A9BAE2BD7321783 /* Main.storyboard */ = {isa = PBXFileReference; lastKnownFileType = file.storyboard; path = Main.storyboard; sourceTree = "<group>"; };
		4FEF4EE1E197D3F52EFF3B88 /* Launch Screen.storyboard */ = {isa = PBXFileReference; lastKnownFileType = file.storyboard; path = "Launch Screen.storyboard"; sourceTree = "<group>"; };
		727D30493151AEA8D4DA58C9 /* AdaptedConstraint.swift */ = {isa = PBXFileReference; fileEncoding = 4; lastKnownFileType = sourcecode.swift; name = AdaptedConstraint.swift; path = Adaptive/AdaptedConstraint.swift; sourceTree = "<group>"; };
		727D30501D6445D0C8AED362 /* GaugeView.swift */ = {isa = PBXFileReference; fileEncoding = 4; lastKnownFileType = sourcecode.swift; path = GaugeView.swift; sourceTree = "<group>"; };
		727D30F298C6C48697AB606F /* ServerDropdown.swift */ = {isa = PBXFileReference; fileEncoding = 4; lastKnownFileType = sourcecode.swift; name = ServerDropdown.swift; path = DropDowns/ServerDropdown.swift; sourceTree = "<group>"; };
		727D31331A6716FD310082EB /* CameraController.swift */ = {isa = PBXFileReference; fileEncoding = 4; lastKnownFileType = sourcecode.swift; path = CameraController.swift; sourceTree = "<group>"; };
		727D3157F2B5E5DBB1565EDD /* DataLogger.swift */ = {isa = PBXFileReference; fileEncoding = 4; lastKnownFileType = sourcecode.swift; path = DataLogger.swift; sourceTree = "<group>"; };
		727D316515ACC87CAEB31A26 /* collapseSettingView.swift */ = {isa = PBXFileReference; fileEncoding = 4; lastKnownFileType = sourcecode.swift; path = collapseSettingView.swift; sourceTree = "<group>"; };
		727D31C90AF5C778DF525EE1 /* FreeRoamController.swift */ = {isa = PBXFileReference; fileEncoding = 4; lastKnownFileType = sourcecode.swift; path = FreeRoamController.swift; sourceTree = "<group>"; };
		727D3327FAD14CEC3DE54D95 /* expandSetting.swift */ = {isa = PBXFileReference; fileEncoding = 4; lastKnownFileType = sourcecode.swift; path = expandSetting.swift; sourceTree = "<group>"; };
		727D33A5A0ABFBC52D7FC371 /* sensorDataRetrieve.swift */ = {isa = PBXFileReference; fileEncoding = 4; lastKnownFileType = sourcecode.swift; path = sensorDataRetrieve.swift; sourceTree = "<group>"; };
		727D34184A3A56D707CE0A17 /* AutopilotFragment.swift */ = {isa = PBXFileReference; fileEncoding = 4; lastKnownFileType = sourcecode.swift; name = AutopilotFragment.swift; path = Autopilot/AutopilotFragment.swift; sourceTree = "<group>"; };
		727D35819C2D0A82BB4E5A7D /* expandedAutoPilot.swift */ = {isa = PBXFileReference; fileEncoding = 4; lastKnownFileType = sourcecode.swift; name = expandedAutoPilot.swift; path = Autopilot/expandedAutoPilot.swift; sourceTree = "<group>"; };
		727D37D0890B15799952F87A /* UIViewExtension.swift */ = {isa = PBXFileReference; fileEncoding = 4; lastKnownFileType = sourcecode.swift; name = UIViewExtension.swift; path = Adaptive/UIViewExtension.swift; sourceTree = "<group>"; };
		727D3946DB74E63117B32AF4 /* Dimension.swift */ = {isa = PBXFileReference; fileEncoding = 4; lastKnownFileType = sourcecode.swift; path = Dimension.swift; sourceTree = "<group>"; };
		727D39B02AB471D9F31B0747 /* Font.swift */ = {isa = PBXFileReference; fileEncoding = 4; lastKnownFileType = sourcecode.swift; path = Font.swift; sourceTree = "<group>"; };
		727D3A55B16EF3CEDA3901BF /* bluetoothDataController.swift */ = {isa = PBXFileReference; fileEncoding = 4; lastKnownFileType = sourcecode.swift; path = bluetoothDataController.swift; sourceTree = "<group>"; };
		727D3ABD8F9F9D0485B435C2 /* VehicleControl.swift */ = {isa = PBXFileReference; fileEncoding = 4; lastKnownFileType = sourcecode.swift; name = VehicleControl.swift; path = Modes/VehicleControl.swift; sourceTree = "<group>"; };
		727D3C4EBE89B9B6E537BE8B /* Device.swift */ = {isa = PBXFileReference; fileEncoding = 4; lastKnownFileType = sourcecode.swift; path = Device.swift; sourceTree = "<group>"; };
		727D3D2F7F5D7109583A8A39 /* DeviceCurrentOrientation.swift */ = {isa = PBXFileReference; fileEncoding = 4; lastKnownFileType = sourcecode.swift; path = DeviceCurrentOrientation.swift; sourceTree = "<group>"; };
		727D3D78A49AC3693B1A2B7B /* CGFloatExtension.swift */ = {isa = PBXFileReference; fileEncoding = 4; lastKnownFileType = sourcecode.swift; name = CGFloatExtension.swift; path = Adaptive/CGFloatExtension.swift; sourceTree = "<group>"; };
		727D3D9ED8FC7A8FEFF7483B /* ModelsDropdown.swift */ = {isa = PBXFileReference; fileEncoding = 4; lastKnownFileType = sourcecode.swift; name = ModelsDropdown.swift; path = DropDowns/ModelsDropdown.swift; sourceTree = "<group>"; };
		727D3ED0992B4A6AA00373B7 /* DevicesDropdown.swift */ = {isa = PBXFileReference; fileEncoding = 4; lastKnownFileType = sourcecode.swift; name = DevicesDropdown.swift; path = DropDowns/DevicesDropdown.swift; sourceTree = "<group>"; };
		727D3F45A25D4C4A8A309FFC /* AdaptiveLayoutHelper.swift */ = {isa = PBXFileReference; fileEncoding = 4; lastKnownFileType = sourcecode.swift; name = AdaptiveLayoutHelper.swift; path = Adaptive/AdaptiveLayoutHelper.swift; sourceTree = "<group>"; };
		727D3F5FE3F054BE4FA52191 /* timestamp.swift */ = {isa = PBXFileReference; fileEncoding = 4; lastKnownFileType = sourcecode.swift; path = timestamp.swift; sourceTree = "<group>"; };
		74C2D1986343E6265E9CF9D7 /* Pods-OpenBotTests.debug.xcconfig */ = {isa = PBXFileReference; includeInIndex = 1; lastKnownFileType = text.xcconfig; name = "Pods-OpenBotTests.debug.xcconfig"; path = "Target Support Files/Pods-OpenBotTests/Pods-OpenBotTests.debug.xcconfig"; sourceTree = "<group>"; };
		7D15502AB5B13CA6849277AC /* Pods-OpenBot-OpenBotUITests.release.xcconfig */ = {isa = PBXFileReference; includeInIndex = 1; lastKnownFileType = text.xcconfig; name = "Pods-OpenBot-OpenBotUITests.release.xcconfig"; path = "Target Support Files/Pods-OpenBot-OpenBotUITests/Pods-OpenBot-OpenBotUITests.release.xcconfig"; sourceTree = "<group>"; };
		9D5D36169AE20C6ED7C351A5 /* Pods_OpenBotTests.framework */ = {isa = PBXFileReference; explicitFileType = wrapper.framework; includeInIndex = 0; path = Pods_OpenBotTests.framework; sourceTree = BUILT_PRODUCTS_DIR; };
		A342C9A4C1417EB2B878B82D /* Pods-OpenBot-OpenBotUITests.debug.xcconfig */ = {isa = PBXFileReference; includeInIndex = 1; lastKnownFileType = text.xcconfig; name = "Pods-OpenBot-OpenBotUITests.debug.xcconfig"; path = "Target Support Files/Pods-OpenBot-OpenBotUITests/Pods-OpenBot-OpenBotUITests.debug.xcconfig"; sourceTree = "<group>"; };
		BF72296328B0FD6D0013CD8E /* GameViewController.swift */ = {isa = PBXFileReference; lastKnownFileType = sourcecode.swift; path = GameViewController.swift; sourceTree = "<group>"; };
		BF812E8528AE2C4200E0B682 /* modesCollectionViewCell.swift */ = {isa = PBXFileReference; lastKnownFileType = sourcecode.swift; path = modesCollectionViewCell.swift; sourceTree = "<group>"; };
		BF812E8628AE2C4200E0B682 /* modesCollectionViewCell.xib */ = {isa = PBXFileReference; lastKnownFileType = file.xib; path = modesCollectionViewCell.xib; sourceTree = "<group>"; };
		BF9BAED728AF94A800EF3E48 /* GameController.framework */ = {isa = PBXFileReference; lastKnownFileType = wrapper.framework; name = GameController.framework; path = System/Library/Frameworks/GameController.framework; sourceTree = SDKROOT; };
		CADB8D624A9E1D1494E9F87D /* Pods_OpenBot.framework */ = {isa = PBXFileReference; explicitFileType = wrapper.framework; includeInIndex = 0; path = Pods_OpenBot.framework; sourceTree = BUILT_PRODUCTS_DIR; };
		DBEAC972F15CC83E41C6AAA9 /* Pods-OpenBot.debug.xcconfig */ = {isa = PBXFileReference; includeInIndex = 1; lastKnownFileType = text.xcconfig; name = "Pods-OpenBot.debug.xcconfig"; path = "Target Support Files/Pods-OpenBot/Pods-OpenBot.debug.xcconfig"; sourceTree = "<group>"; };
/* End PBXFileReference section */

/* Begin PBXFrameworksBuildPhase section */
		4FEF42E5B0C74BDE71C91279 /* Frameworks */ = {
			isa = PBXFrameworksBuildPhase;
			buildActionMask = 2147483647;
			files = (
				FEC71CD19514A3FE19FEE5D1 /* Pods_OpenBotTests.framework in Frameworks */,
			);
			runOnlyForDeploymentPostprocessing = 0;
		};
		4FEF48BBF965FC91224D548A /* Frameworks */ = {
			isa = PBXFrameworksBuildPhase;
			buildActionMask = 2147483647;
			files = (
				DB5B604C1844E78F9C021354 /* Pods_OpenBot_OpenBotUITests.framework in Frameworks */,
			);
			runOnlyForDeploymentPostprocessing = 0;
		};
		4FEF48F817C72DA7F5BE6A7E /* Frameworks */ = {
			isa = PBXFrameworksBuildPhase;
			buildActionMask = 2147483647;
			files = (
				BF9BAED828AF94A800EF3E48 /* GameController.framework in Frameworks */,
				525632FAD7D5CA948A20F6B9 /* Pods_OpenBot.framework in Frameworks */,
			);
			runOnlyForDeploymentPostprocessing = 0;
		};
/* End PBXFrameworksBuildPhase section */

/* Begin PBXGroup section */
		158970C63E9775BD41F614A3 /* Frameworks */ = {
			isa = PBXGroup;
			children = (
				CADB8D624A9E1D1494E9F87D /* Pods_OpenBot.framework */,
				17B6546E3D327621CBEAFCB9 /* Pods_OpenBot_OpenBotUITests.framework */,
				9D5D36169AE20C6ED7C351A5 /* Pods_OpenBotTests.framework */,
			);
			name = Frameworks;
			sourceTree = "<group>";
		};
		37A05E57C6BA519D6B86A37B /* Pods */ = {
			isa = PBXGroup;
			children = (
				DBEAC972F15CC83E41C6AAA9 /* Pods-OpenBot.debug.xcconfig */,
				38BD59823D98022F3763FF79 /* Pods-OpenBot.release.xcconfig */,
				A342C9A4C1417EB2B878B82D /* Pods-OpenBot-OpenBotUITests.debug.xcconfig */,
				7D15502AB5B13CA6849277AC /* Pods-OpenBot-OpenBotUITests.release.xcconfig */,
				74C2D1986343E6265E9CF9D7 /* Pods-OpenBotTests.debug.xcconfig */,
				14FEE4780CE79F3AAB630B6D /* Pods-OpenBotTests.release.xcconfig */,
			);
			path = Pods;
			sourceTree = "<group>";
		};
		4FEF40885316AD1AB57A55DD /* DataCollection */ = {
			isa = PBXGroup;
			children = (
				4FEF4DE90366ACF137F4AD9B /* DataCollectionController.swift */,
				727D316515ACC87CAEB31A26 /* collapseSettingView.swift */,
				727D3327FAD14CEC3DE54D95 /* expandSetting.swift */,
			);
			path = DataCollection;
			sourceTree = "<group>";
		};
		4FEF4191C08EC7053A46679C /* OpenBotTests */ = {
			isa = PBXGroup;
			children = (
				4FEF499CF4ACA43C440075A0 /* OpenBotTests.swift */,
			);
			path = OpenBotTests;
			sourceTree = "<group>";
		};
		4FEF42AB3B7AC14D55B7DBA3 /* Utils */ = {
			isa = PBXGroup;
			children = (
				4FEF443C3B9B9931D5108052 /* Constants.swift */,
				4FEF4178D0A2805591A6A3A6 /* Strings.swift */,
				727D3C4EBE89B9B6E537BE8B /* Device.swift */,
				727D3946DB74E63117B32AF4 /* Dimension.swift */,
				727D3F45A25D4C4A8A309FFC /* AdaptiveLayoutHelper.swift */,
				727D30493151AEA8D4DA58C9 /* AdaptedConstraint.swift */,
				727D3D78A49AC3693B1A2B7B /* CGFloatExtension.swift */,
				727D39B02AB471D9F31B0747 /* Font.swift */,
				727D37D0890B15799952F87A /* UIViewExtension.swift */,
				727D3F5FE3F054BE4FA52191 /* timestamp.swift */,
				4FEF4A59FF61753FF6DF0F79 /* Common.swift */,
			);
			path = Utils;
			sourceTree = "<group>";
		};
		4FEF44F0837469F66D5A7156 /* Models */ = {
			isa = PBXGroup;
			children = (
				4FEF45F4F7552D2FFF3D1130 /* Modes.swift */,
			);
			path = Models;
			sourceTree = "<group>";
		};
		4FEF4549B0D1FC8F591E63FE /* OpenBotUITests */ = {
			isa = PBXGroup;
			children = (
				4FEF43E1577F7EE5E2E2A653 /* OpenBotUITests.swift */,
				4FEF4D548F5BD4ABE07F1F71 /* OpenBotUITestsLaunchTests.swift */,
			);
			path = OpenBotUITests;
			sourceTree = "<group>";
		};
		4FEF489C07FD5C967FFDCDE8 /* OpenBot */ = {
			isa = PBXGroup;
			children = (
				BF9BAED628AF94A800EF3E48 /* Frameworks */,
				4FEF44F0837469F66D5A7156 /* Models */,
				4FEF42AB3B7AC14D55B7DBA3 /* Utils */,
				BF5AF3BF28AE4A96008BAD95 /* Controllers */,
				4FEF4A209F128B8F5AC06E17 /* Products */,
				4FEF4BBD0A2E51DD7BAD32C5 /* Assets.xcassets */,
				4FEF4620693FBFF8ABFC0350 /* AppDelegate.swift */,
				4FEF42374776D62381BDE68C /* Info.plist */,
				4FEF4D63E4FA9FB585EF1733 /* SceneDelegate.swift */,
				4FEF4A57E56E4EAB1B479871 /* Storyboards */,
				3A3AAA9D28FEBB2F006EE8D9 /* BluetoothTable.swift */,
				4FEF49E6B7BC995D19DD82E7 /* Data */,
				4FEF4EFC6160B227C9A9BFF3 /* Vehicle */,
				4FEF47EAC21A4C2BDD11B72B /* README.md */,
				4FEF4FB9DCF0D8F0BFCB835B /* tflite */,
				4FEF421BF49FEE835C6DC5CB /* config.json */,
			);
			path = OpenBot;
			sourceTree = "<group>";
		};
		4FEF49E6B7BC995D19DD82E7 /* Data */ = {
			isa = PBXGroup;
			children = (
				4FEF45E913E70DDE5DE7F387 /* GameController.swift */,
				727D33A5A0ABFBC52D7FC371 /* sensorDataRetrieve.swift */,
				727D3A55B16EF3CEDA3901BF /* bluetoothDataController.swift */,
				727D3157F2B5E5DBB1565EDD /* DataLogger.swift */,
				727D3D2F7F5D7109583A8A39 /* DeviceCurrentOrientation.swift */,
				727D31331A6716FD310082EB /* CameraController.swift */,
			);
			path = Data;
			sourceTree = "<group>";
		};
		4FEF4A209F128B8F5AC06E17 /* Products */ = {
			isa = PBXGroup;
			children = (
				4FEF46775439F2AC3ED4FE35 /* OpenBot.app */,
				4FEF466ED1A3047EB287B7CA /* OpenBotTests.xctest */,
				4FEF44EFCFD003BA859F8008 /* OpenBotUITests.xctest */,
			);
			name = Products;
			path = ..;
			sourceTree = "<group>";
		};
		4FEF4A57E56E4EAB1B479871 /* Storyboards */ = {
			isa = PBXGroup;
			children = (
				BF812E8628AE2C4200E0B682 /* modesCollectionViewCell.xib */,
				4FEF4E0B9A9BAE2BD7321783 /* Main.storyboard */,
				4FEF4EE1E197D3F52EFF3B88 /* Launch Screen.storyboard */,
			);
			path = Storyboards;
			sourceTree = "<group>";
		};
		4FEF4EFC6160B227C9A9BFF3 /* Vehicle */ = {
			isa = PBXGroup;
			children = (
				4FEF43EF931CFBA8BB09541E /* Control.swift */,
			);
			path = Vehicle;
			sourceTree = "<group>";
		};
		4FEF4FB9DCF0D8F0BFCB835B /* tflite */ = {
			isa = PBXGroup;
			children = (
				4FEF4A4D501C2B9B7E5D248D /* Autopilot.swift */,
				4FEF42714D658342895B0A95 /* Network.swift */,
				4FEF49FAEA0EB5E01610A55B /* Model.swift */,
				4FEF49E95825B789A39EDA21 /* Detector.swift */,
				4FEF47209A4C03D66945462E /* DetectorQuantizedMobileNet.swift */,
				4FEF4633FC7402D71728D03F /* DetectorFloatYoloV4.swift */,
			);
			path = tflite;
			sourceTree = "<group>";
		};
		4FEF4FDE69B20F82CA2C0196 = {
			isa = PBXGroup;
			children = (
				4FEF489C07FD5C967FFDCDE8 /* OpenBot */,
				4FEF4191C08EC7053A46679C /* OpenBotTests */,
				4FEF4549B0D1FC8F591E63FE /* OpenBotUITests */,
				4FEF4BD00A645A3985233A37 /* README.md */,
				37A05E57C6BA519D6B86A37B /* Pods */,
				158970C63E9775BD41F614A3 /* Frameworks */,
			);
			sourceTree = "<group>";
		};
		727D3486646629C6067A6656 /* Free Roam */ = {
			isa = PBXGroup;
			children = (
				727D31C90AF5C778DF525EE1 /* FreeRoamController.swift */,
				727D30501D6445D0C8AED362 /* GaugeView.swift */,
			);
			path = "Free Roam";
			sourceTree = "<group>";
		};
		BF5AF3BF28AE4A96008BAD95 /* Controllers */ = {
			isa = PBXGroup;
			children = (
				3A3C40C728B0A8A800AA40CF /* VideoRecordingController.swift */,
				3AE7A38A28ACB0D6001ABE2F /* HomePageViewController.swift */,
				3AD2793F28AF703A00053CAD /* CameraViewController.swift */,
				BF812E8528AE2C4200E0B682 /* modesCollectionViewCell.swift */,
				3A31E72F28AE0E1A00FDD235 /* SensorsViewController.swift */,
				3A0B835428ADFD6200A9FA0F /* DataSerialMonitorViewController.swift */,
				727D3486646629C6067A6656 /* Free Roam */,
				BF72296328B0FD6D0013CD8E /* GameViewController.swift */,
				4FEF40885316AD1AB57A55DD /* DataCollection */,
				727D3ABD8F9F9D0485B435C2 /* VehicleControl.swift */,
				727D34184A3A56D707CE0A17 /* AutopilotFragment.swift */,
				727D35819C2D0A82BB4E5A7D /* expandedAutoPilot.swift */,
				727D3D9ED8FC7A8FEFF7483B /* ModelsDropdown.swift */,
				727D30F298C6C48697AB606F /* ServerDropdown.swift */,
				727D3ED0992B4A6AA00373B7 /* DevicesDropdown.swift */,
				4FEF4C8C9707613D66A8051E /* ObjectTrackingFragment.swift */,
				4FEF492829E700076FAA4132 /* ObjectTrackingSettings.swift */,
				4FEF42F0707A22B810E664F2 /* ObjectClassDropdown.swift */,
			);
			path = Controllers;
			sourceTree = "<group>";
		};
		BF9BAED628AF94A800EF3E48 /* Frameworks */ = {
			isa = PBXGroup;
			children = (
				BF9BAED728AF94A800EF3E48 /* GameController.framework */,
			);
			name = Frameworks;
			path = ..;
			sourceTree = "<group>";
		};
/* End PBXGroup section */

/* Begin PBXNativeTarget section */
		4FEF4468D4E229F25FFC08A1 /* OpenBotUITests */ = {
			isa = PBXNativeTarget;
			buildConfigurationList = 4FEF43208B4A03F247235CFE /* Build configuration list for PBXNativeTarget "OpenBotUITests" */;
			buildPhases = (
				514C9003EC9BA199C8A5A0A8 /* [CP] Check Pods Manifest.lock */,
				4FEF4059C0F787F734441610 /* Sources */,
				4FEF48BBF965FC91224D548A /* Frameworks */,
				4FEF4634A90081D52CF345B5 /* Resources */,
				46C5372FAEC40AC707B42775 /* [CP] Embed Pods Frameworks */,
			);
			buildRules = (
			);
			dependencies = (
				4FEF4627A46118187D719907 /* PBXTargetDependency */,
			);
			name = OpenBotUITests;
			productName = OpenBotUITests;
			productReference = 4FEF44EFCFD003BA859F8008 /* OpenBotUITests.xctest */;
			productType = "com.apple.product-type.bundle.ui-testing";
		};
		4FEF4A2489AA3ABCE29B9356 /* OpenBot */ = {
			isa = PBXNativeTarget;
			buildConfigurationList = 4FEF486AE63CA90F3F6FAC59 /* Build configuration list for PBXNativeTarget "OpenBot" */;
			buildPhases = (
				918F153342639A81A6F53345 /* [CP] Check Pods Manifest.lock */,
				BFEDAF5428F947AF000231F8 /* ShellScript */,
				4FEF4889F89E40050DA7F889 /* Sources */,
				4FEF48F817C72DA7F5BE6A7E /* Frameworks */,
				4FEF4CE476446EE3B8BFA52C /* Resources */,
				D2AEDA40E92036205C2665E9 /* [CP] Embed Pods Frameworks */,
			);
			buildRules = (
			);
			dependencies = (
			);
			name = OpenBot;
			productName = OpenBot;
			productReference = 4FEF46775439F2AC3ED4FE35 /* OpenBot.app */;
			productType = "com.apple.product-type.application";
		};
		4FEF4C57C33D71B6DD56207E /* OpenBotTests */ = {
			isa = PBXNativeTarget;
			buildConfigurationList = 4FEF43DAF9CB0AD7A444AC7D /* Build configuration list for PBXNativeTarget "OpenBotTests" */;
			buildPhases = (
				FA31E8759135C74428F9DB2A /* [CP] Check Pods Manifest.lock */,
				4FEF49E6E9BC95AEC0B778B9 /* Sources */,
				4FEF42E5B0C74BDE71C91279 /* Frameworks */,
				4FEF4ABE055F854E0CA57AC7 /* Resources */,
			);
			buildRules = (
			);
			dependencies = (
				4FEF433F4FA17D846CF39E88 /* PBXTargetDependency */,
			);
			name = OpenBotTests;
			productName = OpenBotTests;
			productReference = 4FEF466ED1A3047EB287B7CA /* OpenBotTests.xctest */;
			productType = "com.apple.product-type.bundle.unit-test";
		};
/* End PBXNativeTarget section */

/* Begin PBXProject section */
		4FEF44CF03B950ABA7A3C2A8 /* Project object */ = {
			isa = PBXProject;
			attributes = {
				LastUpgradeCheck = 1400;
				TargetAttributes = {
					4FEF4468D4E229F25FFC08A1 = {
						DevelopmentTeam = 45P94DZS6G;
					};
					4FEF4A2489AA3ABCE29B9356 = {
						DevelopmentTeam = 45P94DZS6G;
						ProvisioningStyle = Automatic;
					};
					4FEF4C57C33D71B6DD56207E = {
						DevelopmentTeam = 45P94DZS6G;
					};
				};
			};
			buildConfigurationList = 4FEF4122C53708B73B477B24 /* Build configuration list for PBXProject "OpenBot" */;
			compatibilityVersion = "Xcode 3.2";
			developmentRegion = en;
			hasScannedForEncodings = 0;
			knownRegions = (
				en,
				Base,
			);
			mainGroup = 4FEF4FDE69B20F82CA2C0196;
			productRefGroup = 4FEF4A209F128B8F5AC06E17 /* Products */;
			projectDirPath = "";
			projectRoot = "";
			targets = (
				4FEF4A2489AA3ABCE29B9356 /* OpenBot */,
				4FEF4C57C33D71B6DD56207E /* OpenBotTests */,
				4FEF4468D4E229F25FFC08A1 /* OpenBotUITests */,
			);
		};
/* End PBXProject section */

/* Begin PBXResourcesBuildPhase section */
		4FEF4634A90081D52CF345B5 /* Resources */ = {
			isa = PBXResourcesBuildPhase;
			buildActionMask = 2147483647;
			files = (
			);
			runOnlyForDeploymentPostprocessing = 0;
		};
		4FEF4ABE055F854E0CA57AC7 /* Resources */ = {
			isa = PBXResourcesBuildPhase;
			buildActionMask = 2147483647;
			files = (
			);
			runOnlyForDeploymentPostprocessing = 0;
		};
		4FEF4CE476446EE3B8BFA52C /* Resources */ = {
			isa = PBXResourcesBuildPhase;
			buildActionMask = 2147483647;
			files = (
				4FEF41E8F6D7496059371C24 /* Assets.xcassets in Resources */,
				4FEF434E29022789D4FB8985 /* Main.storyboard in Resources */,
				4FEF43565A0B8A9578E85B54 /* Launch Screen.storyboard in Resources */,
				BF812E8828AE2C4200E0B682 /* modesCollectionViewCell.xib in Resources */,
				4FEF4209E4568C06F71C8E86 /* config.json in Resources */,
			);
			runOnlyForDeploymentPostprocessing = 0;
		};
/* End PBXResourcesBuildPhase section */

/* Begin PBXShellScriptBuildPhase section */
		46C5372FAEC40AC707B42775 /* [CP] Embed Pods Frameworks */ = {
			isa = PBXShellScriptBuildPhase;
			buildActionMask = 2147483647;
			files = (
			);
			inputPaths = (
				"${PODS_ROOT}/Target Support Files/Pods-OpenBot-OpenBotUITests/Pods-OpenBot-OpenBotUITests-frameworks.sh",
				"${BUILT_PRODUCTS_DIR}/DropDown/DropDown.framework",
			);
			name = "[CP] Embed Pods Frameworks";
			outputPaths = (
				"${TARGET_BUILD_DIR}/${FRAMEWORKS_FOLDER_PATH}/DropDown.framework",
			);
			runOnlyForDeploymentPostprocessing = 0;
			shellPath = /bin/sh;
			shellScript = "\"${PODS_ROOT}/Target Support Files/Pods-OpenBot-OpenBotUITests/Pods-OpenBot-OpenBotUITests-frameworks.sh\"\n";
			showEnvVarsInLog = 0;
		};
		514C9003EC9BA199C8A5A0A8 /* [CP] Check Pods Manifest.lock */ = {
			isa = PBXShellScriptBuildPhase;
			buildActionMask = 2147483647;
			files = (
			);
			inputFileListPaths = (
			);
			inputPaths = (
				"${PODS_PODFILE_DIR_PATH}/Podfile.lock",
				"${PODS_ROOT}/Manifest.lock",
			);
			name = "[CP] Check Pods Manifest.lock";
			outputFileListPaths = (
			);
			outputPaths = (
				"$(DERIVED_FILE_DIR)/Pods-OpenBot-OpenBotUITests-checkManifestLockResult.txt",
			);
			runOnlyForDeploymentPostprocessing = 0;
			shellPath = /bin/sh;
			shellScript = "diff \"${PODS_PODFILE_DIR_PATH}/Podfile.lock\" \"${PODS_ROOT}/Manifest.lock\" > /dev/null\nif [ $? != 0 ] ; then\n    # print error to STDERR\n    echo \"error: The sandbox is not in sync with the Podfile.lock. Run 'pod install' or update your CocoaPods installation.\" >&2\n    exit 1\nfi\n# This output is used by Xcode 'outputs' to avoid re-running this script phase.\necho \"SUCCESS\" > \"${SCRIPT_OUTPUT_FILE_0}\"\n";
			showEnvVarsInLog = 0;
		};
		918F153342639A81A6F53345 /* [CP] Check Pods Manifest.lock */ = {
			isa = PBXShellScriptBuildPhase;
			buildActionMask = 2147483647;
			files = (
			);
			inputFileListPaths = (
			);
			inputPaths = (
				"${PODS_PODFILE_DIR_PATH}/Podfile.lock",
				"${PODS_ROOT}/Manifest.lock",
			);
			name = "[CP] Check Pods Manifest.lock";
			outputFileListPaths = (
			);
			outputPaths = (
				"$(DERIVED_FILE_DIR)/Pods-OpenBot-checkManifestLockResult.txt",
			);
			runOnlyForDeploymentPostprocessing = 0;
			shellPath = /bin/sh;
			shellScript = "diff \"${PODS_PODFILE_DIR_PATH}/Podfile.lock\" \"${PODS_ROOT}/Manifest.lock\" > /dev/null\nif [ $? != 0 ] ; then\n    # print error to STDERR\n    echo \"error: The sandbox is not in sync with the Podfile.lock. Run 'pod install' or update your CocoaPods installation.\" >&2\n    exit 1\nfi\n# This output is used by Xcode 'outputs' to avoid re-running this script phase.\necho \"SUCCESS\" > \"${SCRIPT_OUTPUT_FILE_0}\"\n";
			showEnvVarsInLog = 0;
		};
		BFEDAF5428F947AF000231F8 /* ShellScript */ = {
			isa = PBXShellScriptBuildPhase;
			buildActionMask = 2147483647;
			files = (
			);
			inputFileListPaths = (
			);
			inputPaths = (
			);
			outputFileListPaths = (
			);
			outputPaths = (
				"${BUILT_PRODUCTS_DIR}/${PRODUCT_NAME}.app/mobile_ssd_v1_1.0_quant_coco.tflite",
				"${BUILT_PRODUCTS_DIR}/${PRODUCT_NAME}.app/navigation.tflite",
				"${BUILT_PRODUCTS_DIR}/${PRODUCT_NAME}.app/box_priors.txt",
				"${BUILT_PRODUCTS_DIR}/${PRODUCT_NAME}.app/coco.txt",
				"${BUILT_PRODUCTS_DIR}/${PRODUCT_NAME}.app/labelmap.txt",
				"${BUILT_PRODUCTS_DIR}/${PRODUCT_NAME}.app/autopilot_float.tflite",
			);
			runOnlyForDeploymentPostprocessing = 0;
			shellPath = /bin/sh;
			shellScript = "if [ -f ${BUILT_PRODUCTS_DIR}/${PRODUCT_NAME}.app/autopilot_float.tflite ]\nthen\necho \"${BUILT_PRODUCTS_DIR}/${PRODUCT_NAME}.app/autopilot_float.tflite exists.\"\nelse\ncurl -o ${BUILT_PRODUCTS_DIR}/${PRODUCT_NAME}.app/autopilot_float.tflite https://storage.googleapis.com/openbot_models/autopilot_float.tflite\nfi\n\nif [ -f ${BUILT_PRODUCTS_DIR}/${PRODUCT_NAME}.app/mobile_ssd_v1_1.0_quant_coco.tflite ]\nthen\necho \"${BUILT_PRODUCTS_DIR}/${PRODUCT_NAME}.app/mobile_ssd_v1_1.0_quant_coco.tflite exists.\"\nelse\nMYFILE=${TEMP_DIR}/mobile_ssd_v1_1.0_quant_coco.tflite\ncurl -o $MYFILE https://storage.googleapis.com/openbot_models/mobile_ssd_v1_1.0_quant_coco.tflite\ncp -f $MYFILE ${BUILT_PRODUCTS_DIR}/${PRODUCT_NAME}.app/mobile_ssd_v1_1.0_quant_coco.tflite\nfi\n\nif [ -f ${BUILT_PRODUCTS_DIR}/${PRODUCT_NAME}.app/navigation.tflite ]\nthen\necho \"${BUILT_PRODUCTS_DIR}/${PRODUCT_NAME}.app/navigation.tflite exists.\"\nelse\nMYFILE=${TEMP_DIR}/navigation.tflite\ncurl -o $MYFILE https://storage.googleapis.com/openbot_models/navigation.tflite\ncp -f $MYFILE ${BUILT_PRODUCTS_DIR}/${PRODUCT_NAME}.app/navigation.tflite\nfi\n\nif [ -f ${BUILT_PRODUCTS_DIR}/${PRODUCT_NAME}.app/box_priors.txt ]\nthen\necho \"${BUILT_PRODUCTS_DIR}/${PRODUCT_NAME}.app/box_priors.txt exists.\"\nelse\nMYFILE=${TEMP_DIR}/box_priors.txt\ncurl -o $MYFILE https://storage.googleapis.com/openbot_models/box_priors.txt\ncp -f $MYFILE ${BUILT_PRODUCTS_DIR}/${PRODUCT_NAME}.app/box_priors.txt\nfi\n\nif [ -f ${BUILT_PRODUCTS_DIR}/${PRODUCT_NAME}.app/coco.txt ]\nthen\necho \"${BUILT_PRODUCTS_DIR}/${PRODUCT_NAME}.app/coco.txt exists.\"\nelse\nMYFILE=${TEMP_DIR}/coco.txt\ncurl -o $MYFILE https://storage.googleapis.com/openbot_models/coco.txt\ncp -f $MYFILE ${BUILT_PRODUCTS_DIR}/${PRODUCT_NAME}.app/coco.txt\nfi\n\nif [ -f ${BUILT_PRODUCTS_DIR}/${PRODUCT_NAME}.app/labelmap.txt ]\nthen\necho \"${BUILT_PRODUCTS_DIR}/${PRODUCT_NAME}.app/labelmap.txt exists.\"\nelse\nMYFILE=${TEMP_DIR}/labelmap.txt\ncurl -o $MYFILE https://storage.googleapis.com/openbot_models/labelmap.txt\ncp -f $MYFILE ${BUILT_PRODUCTS_DIR}/${PRODUCT_NAME}.app/labelmap.txt\nfi\n";
		};
		D2AEDA40E92036205C2665E9 /* [CP] Embed Pods Frameworks */ = {
			isa = PBXShellScriptBuildPhase;
			buildActionMask = 2147483647;
			files = (
			);
			inputPaths = (
				"${PODS_ROOT}/Target Support Files/Pods-OpenBot/Pods-OpenBot-frameworks.sh",
				"${BUILT_PRODUCTS_DIR}/DropDown/DropDown.framework",
			);
			name = "[CP] Embed Pods Frameworks";
			outputPaths = (
				"${TARGET_BUILD_DIR}/${FRAMEWORKS_FOLDER_PATH}/DropDown.framework",
			);
			runOnlyForDeploymentPostprocessing = 0;
			shellPath = /bin/sh;
			shellScript = "\"${PODS_ROOT}/Target Support Files/Pods-OpenBot/Pods-OpenBot-frameworks.sh\"\n";
			showEnvVarsInLog = 0;
		};
		FA31E8759135C74428F9DB2A /* [CP] Check Pods Manifest.lock */ = {
			isa = PBXShellScriptBuildPhase;
			buildActionMask = 2147483647;
			files = (
			);
			inputFileListPaths = (
			);
			inputPaths = (
				"${PODS_PODFILE_DIR_PATH}/Podfile.lock",
				"${PODS_ROOT}/Manifest.lock",
			);
			name = "[CP] Check Pods Manifest.lock";
			outputFileListPaths = (
			);
			outputPaths = (
				"$(DERIVED_FILE_DIR)/Pods-OpenBotTests-checkManifestLockResult.txt",
			);
			runOnlyForDeploymentPostprocessing = 0;
			shellPath = /bin/sh;
			shellScript = "diff \"${PODS_PODFILE_DIR_PATH}/Podfile.lock\" \"${PODS_ROOT}/Manifest.lock\" > /dev/null\nif [ $? != 0 ] ; then\n    # print error to STDERR\n    echo \"error: The sandbox is not in sync with the Podfile.lock. Run 'pod install' or update your CocoaPods installation.\" >&2\n    exit 1\nfi\n# This output is used by Xcode 'outputs' to avoid re-running this script phase.\necho \"SUCCESS\" > \"${SCRIPT_OUTPUT_FILE_0}\"\n";
			showEnvVarsInLog = 0;
		};
/* End PBXShellScriptBuildPhase section */

/* Begin PBXSourcesBuildPhase section */
		4FEF4059C0F787F734441610 /* Sources */ = {
			isa = PBXSourcesBuildPhase;
			buildActionMask = 2147483647;
			files = (
				4FEF49DD79D9DD3CF5733B71 /* OpenBotUITests.swift in Sources */,
				4FEF4C9BF06BF69E5C67E86A /* OpenBotUITestsLaunchTests.swift in Sources */,
			);
			runOnlyForDeploymentPostprocessing = 0;
		};
		4FEF4889F89E40050DA7F889 /* Sources */ = {
			isa = PBXSourcesBuildPhase;
			buildActionMask = 2147483647;
			files = (
				4FEF4DC031698B6DEEB01AEB /* AppDelegate.swift in Sources */,
				3AD2794028AF703A00053CAD /* CameraViewController.swift in Sources */,
				3AE7A38B28ACB0D6001ABE2F /* HomePageViewController.swift in Sources */,
				3A0B835528ADFD6300A9FA0F /* DataSerialMonitorViewController.swift in Sources */,
				BF72296428B0FD6D0013CD8E /* GameViewController.swift in Sources */,
				3A31E73028AE0E1A00FDD235 /* SensorsViewController.swift in Sources */,
				4FEF4F78919CCCC28C418C5B /* SceneDelegate.swift in Sources */,
				BF812E8728AE2C4200E0B682 /* modesCollectionViewCell.swift in Sources */,
				3A3C40C828B0A8A800AA40CF /* VideoRecordingController.swift in Sources */,
				4FEF4C5087962C2F3B2BB3A1 /* Modes.swift in Sources */,
				4FEF483FCB45A3257C181C30 /* README.md in Sources */,
				727D3D12FAF02C416CC2CEC1 /* FreeRoamController.swift in Sources */,
				727D33DD6B69783CAE4035BD /* GaugeView.swift in Sources */,
				4FEF49D3149212EA208C893B /* Constants.swift in Sources */,
				4FEF47B52607872D6B0CD56F /* Strings.swift in Sources */,
				4FEF4A957CB4D38EBD818730 /* GameController.swift in Sources */,
				727D3457F432B9743263C307 /* sensorDataRetrieve.swift in Sources */,
				727D301B0DA9C7F9CC3203D6 /* bluetoothDataController.swift in Sources */,
				4FEF4D4C829C1A8519999198 /* Control.swift in Sources */,
				727D348793BC7E328164FDB2 /* DataLogger.swift in Sources */,
				727D3695CD23839015A90EFB /* DeviceCurrentOrientation.swift in Sources */,
				4FEF43788A6975AED9390369 /* README.md in Sources */,
				727D3E359F26636BBDC6E3A4 /* Device.swift in Sources */,
				727D34602C26673639AA0D0B /* Dimension.swift in Sources */,
				727D3D8A8059D87F84174B97 /* AdaptiveLayoutHelper.swift in Sources */,
				727D3B9525E721AC05B0AD3B /* AdaptedConstraint.swift in Sources */,
				727D3074611DA874F01709A3 /* CGFloatExtension.swift in Sources */,
				3A3AAA9E28FEBB2F006EE8D9 /* BluetoothTable.swift in Sources */,
				727D3D2A7DD7B128C9CC969A /* Font.swift in Sources */,
				727D39CEBB2CF03D171BC311 /* UIViewExtension.swift in Sources */,
				4FEF4DAC98B9D01B10F7B3E9 /* DataCollectionController.swift in Sources */,
				727D3B19FEA7A95C092DC11E /* collapseSettingView.swift in Sources */,
				727D332F054456A4182DD7DF /* expandSetting.swift in Sources */,
				727D373B2A839824AE8E6AE2 /* CameraController.swift in Sources */,
				727D3A805DDE14D8AD205D31 /* VehicleControl.swift in Sources */,
				727D37CDD881685D4EF6BFF5 /* timestamp.swift in Sources */,
				4FEF4BEFB4E329AFFBAB8B4D /* Autopilot.swift in Sources */,
				4FEF44E677749DA0D24FB857 /* Network.swift in Sources */,
				4FEF47E6E6A09E51C9FDF010 /* Model.swift in Sources */,
				727D39499A8CF8EE76345872 /* AutopilotFragment.swift in Sources */,
				727D3514A9B56B54E3FA4089 /* expandedAutoPilot.swift in Sources */,
				727D3FB2162AE0D1794DA7CE /* ModelsDropdown.swift in Sources */,
				727D3168E1B1C70DBDC2652E /* ServerDropdown.swift in Sources */,
				727D34B870DEC24C44407E97 /* DevicesDropdown.swift in Sources */,
				4FEF4BA67C06F1863F3C2362 /* ObjectTrackingFragment.swift in Sources */,
				4FEF44A3F41CE1D4898D1C4D /* ObjectTrackingSettings.swift in Sources */,
				4FEF459D92353F7D312A9EBD /* ObjectClassDropdown.swift in Sources */,
				4FEF4C449F206CF65324CD03 /* Common.swift in Sources */,
				4FEF4A1F9280139D278509D3 /* Detector.swift in Sources */,
				4FEF40039118AB286DD8CB0C /* DetectorQuantizedMobileNet.swift in Sources */,
				4FEF4E9F41A93B4F6CD1AEEC /* DetectorFloatYoloV4.swift in Sources */,
			);
			runOnlyForDeploymentPostprocessing = 0;
		};
		4FEF49E6E9BC95AEC0B778B9 /* Sources */ = {
			isa = PBXSourcesBuildPhase;
			buildActionMask = 2147483647;
			files = (
				4FEF442F6DF5C31D0EE4FE2B /* OpenBotTests.swift in Sources */,
			);
			runOnlyForDeploymentPostprocessing = 0;
		};
/* End PBXSourcesBuildPhase section */

/* Begin PBXTargetDependency section */
		4FEF433F4FA17D846CF39E88 /* PBXTargetDependency */ = {
			isa = PBXTargetDependency;
			target = 4FEF4A2489AA3ABCE29B9356 /* OpenBot */;
			targetProxy = 4FEF413ADF28CDB09224A3BE /* PBXContainerItemProxy */;
		};
		4FEF4627A46118187D719907 /* PBXTargetDependency */ = {
			isa = PBXTargetDependency;
			target = 4FEF4A2489AA3ABCE29B9356 /* OpenBot */;
			targetProxy = 4FEF420FE3AD73021CB0010C /* PBXContainerItemProxy */;
		};
/* End PBXTargetDependency section */

/* Begin XCBuildConfiguration section */
		4FEF43D6410B560C20FD769C /* Debug */ = {
			isa = XCBuildConfiguration;
			baseConfigurationReference = A342C9A4C1417EB2B878B82D /* Pods-OpenBot-OpenBotUITests.debug.xcconfig */;
			buildSettings = {
				CURRENT_PROJECT_VERSION = 1;
				DEVELOPMENT_TEAM = 45P94DZS6G;
				GENERATE_INFOPLIST_FILE = YES;
				MARKETING_VERSION = 1.0;
				PRODUCT_BUNDLE_IDENTIFIER = com.itinker.openBot.OpenBotUITests;
				PRODUCT_NAME = "$(TARGET_NAME)";
				SWIFT_EMIT_LOC_STRINGS = NO;
				SWIFT_VERSION = 5.0;
				TARGETED_DEVICE_FAMILY = "1,2";
				TEST_TARGET_NAME = OpenBot;
			};
			name = Debug;
		};
		4FEF442167610372B5B63F94 /* Release */ = {
			isa = XCBuildConfiguration;
			baseConfigurationReference = 38BD59823D98022F3763FF79 /* Pods-OpenBot.release.xcconfig */;
			buildSettings = {
				ASSETCATALOG_COMPILER_APPICON_NAME = AppIcon;
				ASSETCATALOG_COMPILER_GLOBAL_ACCENT_COLOR_NAME = AccentColor;
				ASSETCATALOG_COMPILER_INCLUDE_ALL_APPICON_ASSETS = YES;
				CODE_SIGN_IDENTITY = "Apple Development";
				CODE_SIGN_STYLE = Automatic;
				CURRENT_PROJECT_VERSION = 1;
				DEVELOPMENT_TEAM = 45P94DZS6G;
				GENERATE_INFOPLIST_FILE = YES;
				INFOPLIST_FILE = OpenBot/Info.plist;
				INFOPLIST_KEY_NSBluetoothAlwaysUsageDescription = "allow bluetooth for OpenBot";
				INFOPLIST_KEY_NSCameraUsageDescription = "Allow Camera for Free Roam Mode";
				INFOPLIST_KEY_NSLocationAlwaysAndWhenInUseUsageDescription = "Program requires GPS to track cars and job orders";
				INFOPLIST_KEY_NSLocationAlwaysUsageDescription = "Allow for Location updates";
				INFOPLIST_KEY_NSLocationUsageDescription = "Allow for Location updates";
				INFOPLIST_KEY_NSLocationWhenInUseUsageDescription = "Allow for Location updates";
				INFOPLIST_KEY_NSMicrophoneUsageDescription = "This app uses your Microphone to allow Voice over IP communication with the Program Admin system";
				INFOPLIST_KEY_UIApplicationSupportsIndirectInputEvents = YES;
				INFOPLIST_KEY_UILaunchStoryboardName = "Launch Screen";
				INFOPLIST_KEY_UIMainStoryboardFile = Main;
				INFOPLIST_KEY_UISupportedInterfaceOrientations = "UIInterfaceOrientationLandscapeRight UIInterfaceOrientationPortrait UIInterfaceOrientationLandscapeLeft";
				INFOPLIST_KEY_UISupportedInterfaceOrientations_iPad = "UIInterfaceOrientationPortrait UIInterfaceOrientationPortraitUpsideDown UIInterfaceOrientationLandscapeLeft UIInterfaceOrientationLandscapeRight";
				INFOPLIST_KEY_UISupportedInterfaceOrientations_iPhone = "UIInterfaceOrientationPortrait UIInterfaceOrientationLandscapeLeft UIInterfaceOrientationLandscapeRight";
				LD_RUNPATH_SEARCH_PATHS = "$(inherited) @executable_path/Frameworks";
				MARKETING_VERSION = 1.0;
				PRODUCT_BUNDLE_IDENTIFIER = com.emboidedai.openbot;
				PRODUCT_NAME = "$(TARGET_NAME)";
				PROVISIONING_PROFILE_SPECIFIER = "";
				SWIFT_EMIT_LOC_STRINGS = YES;
				SWIFT_VERSION = 5.0;
				TARGETED_DEVICE_FAMILY = "1,2";
			};
			name = Release;
		};
		4FEF44CECB7978AC34B0EE6A /* Debug */ = {
			isa = XCBuildConfiguration;
			baseConfigurationReference = DBEAC972F15CC83E41C6AAA9 /* Pods-OpenBot.debug.xcconfig */;
			buildSettings = {
				ASSETCATALOG_COMPILER_APPICON_NAME = AppIcon;
				ASSETCATALOG_COMPILER_GLOBAL_ACCENT_COLOR_NAME = AccentColor;
				ASSETCATALOG_COMPILER_INCLUDE_ALL_APPICON_ASSETS = YES;
				CODE_SIGN_IDENTITY = "Apple Development";
				CODE_SIGN_STYLE = Automatic;
				CURRENT_PROJECT_VERSION = 1;
				DEVELOPMENT_TEAM = 45P94DZS6G;
				GENERATE_INFOPLIST_FILE = YES;
				INFOPLIST_FILE = OpenBot/Info.plist;
				INFOPLIST_KEY_NSBluetoothAlwaysUsageDescription = "allow bluetooth for OpenBot";
				INFOPLIST_KEY_NSCameraUsageDescription = "Allow Camera for Free Roam Mode";
				INFOPLIST_KEY_NSLocationAlwaysAndWhenInUseUsageDescription = "Program requires GPS to track cars and job orders";
				INFOPLIST_KEY_NSLocationAlwaysUsageDescription = "Allow for Location updates";
				INFOPLIST_KEY_NSLocationUsageDescription = "Allow for Location updates";
				INFOPLIST_KEY_NSLocationWhenInUseUsageDescription = "Allow for Location updates";
				INFOPLIST_KEY_NSMicrophoneUsageDescription = "This app uses your Microphone to allow Voice over IP communication with the Program Admin system";
				INFOPLIST_KEY_UIApplicationSupportsIndirectInputEvents = YES;
				INFOPLIST_KEY_UILaunchStoryboardName = "Launch Screen";
				INFOPLIST_KEY_UIMainStoryboardFile = Main;
				INFOPLIST_KEY_UISupportedInterfaceOrientations = "UIInterfaceOrientationLandscapeRight UIInterfaceOrientationPortrait UIInterfaceOrientationLandscapeLeft";
				INFOPLIST_KEY_UISupportedInterfaceOrientations_iPad = "UIInterfaceOrientationPortrait UIInterfaceOrientationPortraitUpsideDown UIInterfaceOrientationLandscapeLeft UIInterfaceOrientationLandscapeRight";
				INFOPLIST_KEY_UISupportedInterfaceOrientations_iPhone = "UIInterfaceOrientationPortrait UIInterfaceOrientationLandscapeLeft UIInterfaceOrientationLandscapeRight";
				LD_RUNPATH_SEARCH_PATHS = "$(inherited) @executable_path/Frameworks";
				MARKETING_VERSION = 1.0;
				PRODUCT_BUNDLE_IDENTIFIER = com.emboidedai.openbot;
				PRODUCT_NAME = "$(TARGET_NAME)";
				PROVISIONING_PROFILE_SPECIFIER = "";
				SWIFT_EMIT_LOC_STRINGS = YES;
				SWIFT_VERSION = 5.0;
				TARGETED_DEVICE_FAMILY = "1,2";
			};
			name = Debug;
		};
		4FEF45100A4A4070F0BDF669 /* Debug */ = {
			isa = XCBuildConfiguration;
			buildSettings = {
				ALWAYS_SEARCH_USER_PATHS = NO;
				CLANG_ANALYZER_LOCALIZABILITY_NONLOCALIZED = YES;
				CLANG_ANALYZER_NONNULL = YES;
				CLANG_ANALYZER_NUMBER_OBJECT_CONVERSION = YES_AGGRESSIVE;
				CLANG_CXX_LANGUAGE_STANDARD = "gnu++17";
				CLANG_ENABLE_MODULES = YES;
				CLANG_ENABLE_OBJC_ARC = YES;
				CLANG_ENABLE_OBJC_WEAK = YES;
				CLANG_WARN_BLOCK_CAPTURE_AUTORELEASING = YES;
				CLANG_WARN_BOOL_CONVERSION = YES;
				CLANG_WARN_COMMA = YES;
				CLANG_WARN_CONSTANT_CONVERSION = YES;
				CLANG_WARN_DEPRECATED_OBJC_IMPLEMENTATIONS = YES;
				CLANG_WARN_DIRECT_OBJC_ISA_USAGE = YES_ERROR;
				CLANG_WARN_DOCUMENTATION_COMMENTS = YES;
				CLANG_WARN_EMPTY_BODY = YES;
				CLANG_WARN_ENUM_CONVERSION = YES;
				CLANG_WARN_INFINITE_RECURSION = YES;
				CLANG_WARN_INT_CONVERSION = YES;
				CLANG_WARN_NON_LITERAL_NULL_CONVERSION = YES;
				CLANG_WARN_OBJC_IMPLICIT_RETAIN_SELF = YES;
				CLANG_WARN_OBJC_LITERAL_CONVERSION = YES;
				CLANG_WARN_OBJC_ROOT_CLASS = YES_ERROR;
				CLANG_WARN_QUOTED_INCLUDE_IN_FRAMEWORK_HEADER = YES;
				CLANG_WARN_RANGE_LOOP_ANALYSIS = YES;
				CLANG_WARN_STRICT_PROTOTYPES = YES;
				CLANG_WARN_SUSPICIOUS_MOVE = YES;
				CLANG_WARN_UNGUARDED_AVAILABILITY = YES_AGGRESSIVE;
				CLANG_WARN_UNREACHABLE_CODE = YES;
				CLANG_WARN__DUPLICATE_METHOD_MATCH = YES;
				COPY_PHASE_STRIP = NO;
				DEBUG_INFORMATION_FORMAT = dwarf;
				ENABLE_STRICT_OBJC_MSGSEND = YES;
				ENABLE_TESTABILITY = YES;
				GCC_C_LANGUAGE_STANDARD = gnu11;
				GCC_DYNAMIC_NO_PIC = NO;
				GCC_NO_COMMON_BLOCKS = YES;
				GCC_OPTIMIZATION_LEVEL = 0;
				GCC_PREPROCESSOR_DEFINITIONS = (
					"DEBUG=1",
					"$(inherited)",
				);
				GCC_WARN_64_TO_32_BIT_CONVERSION = YES;
				GCC_WARN_ABOUT_RETURN_TYPE = YES_ERROR;
				GCC_WARN_UNDECLARED_SELECTOR = YES;
				GCC_WARN_UNINITIALIZED_AUTOS = YES_AGGRESSIVE;
				GCC_WARN_UNUSED_FUNCTION = YES;
				GCC_WARN_UNUSED_VARIABLE = YES;
				IPHONEOS_DEPLOYMENT_TARGET = 15.5;
				MTL_ENABLE_DEBUG_INFO = INCLUDE_SOURCE;
				MTL_FAST_MATH = YES;
				ONLY_ACTIVE_ARCH = YES;
				SDKROOT = iphoneos;
				SWIFT_ACTIVE_COMPILATION_CONDITIONS = DEBUG;
				SWIFT_OPTIMIZATION_LEVEL = "-Onone";
			};
			name = Debug;
		};
		4FEF4A7750256B55C807D1AF /* Release */ = {
			isa = XCBuildConfiguration;
			baseConfigurationReference = 14FEE4780CE79F3AAB630B6D /* Pods-OpenBotTests.release.xcconfig */;
			buildSettings = {
				BUNDLE_LOADER = "$(BUILT_PRODUCTS_DIR)/OpenBot.app/OpenBot";
				CURRENT_PROJECT_VERSION = 1;
				DEVELOPMENT_TEAM = 45P94DZS6G;
				GENERATE_INFOPLIST_FILE = YES;
				MARKETING_VERSION = 1.0;
				PRODUCT_BUNDLE_IDENTIFIER = com.itinker.openBot.OpenBotTests;
				PRODUCT_NAME = "$(TARGET_NAME)";
				SWIFT_EMIT_LOC_STRINGS = NO;
				SWIFT_VERSION = 5.0;
				TARGETED_DEVICE_FAMILY = "1,2";
				TEST_HOST = "$(BUNDLE_LOADER)";
			};
			name = Release;
		};
		4FEF4ACADA9D35320260508A /* Release */ = {
			isa = XCBuildConfiguration;
			buildSettings = {
				ALWAYS_SEARCH_USER_PATHS = NO;
				CLANG_ANALYZER_LOCALIZABILITY_NONLOCALIZED = YES;
				CLANG_ANALYZER_NONNULL = YES;
				CLANG_ANALYZER_NUMBER_OBJECT_CONVERSION = YES_AGGRESSIVE;
				CLANG_CXX_LANGUAGE_STANDARD = "gnu++17";
				CLANG_ENABLE_MODULES = YES;
				CLANG_ENABLE_OBJC_ARC = YES;
				CLANG_ENABLE_OBJC_WEAK = YES;
				CLANG_WARN_BLOCK_CAPTURE_AUTORELEASING = YES;
				CLANG_WARN_BOOL_CONVERSION = YES;
				CLANG_WARN_COMMA = YES;
				CLANG_WARN_CONSTANT_CONVERSION = YES;
				CLANG_WARN_DEPRECATED_OBJC_IMPLEMENTATIONS = YES;
				CLANG_WARN_DIRECT_OBJC_ISA_USAGE = YES_ERROR;
				CLANG_WARN_DOCUMENTATION_COMMENTS = YES;
				CLANG_WARN_EMPTY_BODY = YES;
				CLANG_WARN_ENUM_CONVERSION = YES;
				CLANG_WARN_INFINITE_RECURSION = YES;
				CLANG_WARN_INT_CONVERSION = YES;
				CLANG_WARN_NON_LITERAL_NULL_CONVERSION = YES;
				CLANG_WARN_OBJC_IMPLICIT_RETAIN_SELF = YES;
				CLANG_WARN_OBJC_LITERAL_CONVERSION = YES;
				CLANG_WARN_OBJC_ROOT_CLASS = YES_ERROR;
				CLANG_WARN_QUOTED_INCLUDE_IN_FRAMEWORK_HEADER = YES;
				CLANG_WARN_RANGE_LOOP_ANALYSIS = YES;
				CLANG_WARN_STRICT_PROTOTYPES = YES;
				CLANG_WARN_SUSPICIOUS_MOVE = YES;
				CLANG_WARN_UNGUARDED_AVAILABILITY = YES_AGGRESSIVE;
				CLANG_WARN_UNREACHABLE_CODE = YES;
				CLANG_WARN__DUPLICATE_METHOD_MATCH = YES;
				COPY_PHASE_STRIP = NO;
				DEBUG_INFORMATION_FORMAT = "dwarf-with-dsym";
				ENABLE_NS_ASSERTIONS = NO;
				ENABLE_STRICT_OBJC_MSGSEND = YES;
				GCC_C_LANGUAGE_STANDARD = gnu11;
				GCC_NO_COMMON_BLOCKS = YES;
				GCC_WARN_64_TO_32_BIT_CONVERSION = YES;
				GCC_WARN_ABOUT_RETURN_TYPE = YES_ERROR;
				GCC_WARN_UNDECLARED_SELECTOR = YES;
				GCC_WARN_UNINITIALIZED_AUTOS = YES_AGGRESSIVE;
				GCC_WARN_UNUSED_FUNCTION = YES;
				GCC_WARN_UNUSED_VARIABLE = YES;
				IPHONEOS_DEPLOYMENT_TARGET = 15.5;
				MTL_ENABLE_DEBUG_INFO = NO;
				MTL_FAST_MATH = YES;
				SDKROOT = iphoneos;
				SWIFT_OPTIMIZATION_LEVEL = "-Owholemodule";
				VALIDATE_PRODUCT = YES;
			};
			name = Release;
		};
		4FEF4BD51157BE3E8D2839B5 /* Release */ = {
			isa = XCBuildConfiguration;
			baseConfigurationReference = 7D15502AB5B13CA6849277AC /* Pods-OpenBot-OpenBotUITests.release.xcconfig */;
			buildSettings = {
				CURRENT_PROJECT_VERSION = 1;
				DEVELOPMENT_TEAM = 45P94DZS6G;
				GENERATE_INFOPLIST_FILE = YES;
				MARKETING_VERSION = 1.0;
				PRODUCT_BUNDLE_IDENTIFIER = com.itinker.openBot.OpenBotUITests;
				PRODUCT_NAME = "$(TARGET_NAME)";
				SWIFT_EMIT_LOC_STRINGS = NO;
				SWIFT_VERSION = 5.0;
				TARGETED_DEVICE_FAMILY = "1,2";
				TEST_TARGET_NAME = OpenBot;
			};
			name = Release;
		};
		4FEF4D381CB9363B3F2093A6 /* Debug */ = {
			isa = XCBuildConfiguration;
			baseConfigurationReference = 74C2D1986343E6265E9CF9D7 /* Pods-OpenBotTests.debug.xcconfig */;
			buildSettings = {
				BUNDLE_LOADER = "$(BUILT_PRODUCTS_DIR)/OpenBot.app/OpenBot";
				CURRENT_PROJECT_VERSION = 1;
				DEVELOPMENT_TEAM = 45P94DZS6G;
				GENERATE_INFOPLIST_FILE = YES;
				MARKETING_VERSION = 1.0;
				PRODUCT_BUNDLE_IDENTIFIER = com.itinker.openBot.OpenBotTests;
				PRODUCT_NAME = "$(TARGET_NAME)";
				SWIFT_EMIT_LOC_STRINGS = NO;
				SWIFT_VERSION = 5.0;
				TARGETED_DEVICE_FAMILY = "1,2";
				TEST_HOST = "$(BUNDLE_LOADER)";
			};
			name = Debug;
		};
/* End XCBuildConfiguration section */

/* Begin XCConfigurationList section */
		4FEF4122C53708B73B477B24 /* Build configuration list for PBXProject "OpenBot" */ = {
			isa = XCConfigurationList;
			buildConfigurations = (
				4FEF45100A4A4070F0BDF669 /* Debug */,
				4FEF4ACADA9D35320260508A /* Release */,
			);
			defaultConfigurationIsVisible = 0;
			defaultConfigurationName = Release;
		};
		4FEF43208B4A03F247235CFE /* Build configuration list for PBXNativeTarget "OpenBotUITests" */ = {
			isa = XCConfigurationList;
			buildConfigurations = (
				4FEF43D6410B560C20FD769C /* Debug */,
				4FEF4BD51157BE3E8D2839B5 /* Release */,
			);
			defaultConfigurationIsVisible = 0;
			defaultConfigurationName = Release;
		};
		4FEF43DAF9CB0AD7A444AC7D /* Build configuration list for PBXNativeTarget "OpenBotTests" */ = {
			isa = XCConfigurationList;
			buildConfigurations = (
				4FEF4D381CB9363B3F2093A6 /* Debug */,
				4FEF4A7750256B55C807D1AF /* Release */,
			);
			defaultConfigurationIsVisible = 0;
			defaultConfigurationName = Release;
		};
		4FEF486AE63CA90F3F6FAC59 /* Build configuration list for PBXNativeTarget "OpenBot" */ = {
			isa = XCConfigurationList;
			buildConfigurations = (
				4FEF44CECB7978AC34B0EE6A /* Debug */,
				4FEF442167610372B5B63F94 /* Release */,
			);
			defaultConfigurationIsVisible = 0;
			defaultConfigurationName = Release;
		};
/* End XCConfigurationList section */
	};
	rootObject = 4FEF44CF03B950ABA7A3C2A8 /* Project object */;
}
